// !$*UTF8*$!
{
	archiveVersion = 1;
	classes = {
	};
	objectVersion = 50;
	objects = {

/* Begin PBXBuildFile section */
		88202A7226CA5A7C0079234F /* CategoryView.swift in Sources */ = {isa = PBXBuildFile; fileRef = 88202A7126CA5A7C0079234F /* CategoryView.swift */; };
		88202A7A26CAB0A70079234F /* CategoryButton.swift in Sources */ = {isa = PBXBuildFile; fileRef = 88202A7926CAB0A70079234F /* CategoryButton.swift */; };
		88202A7F26CAB7090079234F /* CategoriesStackView.swift in Sources */ = {isa = PBXBuildFile; fileRef = 88202A7E26CAB7090079234F /* CategoriesStackView.swift */; };
		88F09D2726C39B7400B56A3F /* AppDelegate.swift in Sources */ = {isa = PBXBuildFile; fileRef = 88F09D2626C39B7400B56A3F /* AppDelegate.swift */; };
		88F09D2926C39B7400B56A3F /* SceneDelegate.swift in Sources */ = {isa = PBXBuildFile; fileRef = 88F09D2826C39B7400B56A3F /* SceneDelegate.swift */; };
		88F09D2B26C39B7400B56A3F /* ContainerTabBarController.swift in Sources */ = {isa = PBXBuildFile; fileRef = 88F09D2A26C39B7400B56A3F /* ContainerTabBarController.swift */; };
		88F09D3026C39B7700B56A3F /* Assets.xcassets in Resources */ = {isa = PBXBuildFile; fileRef = 88F09D2F26C39B7700B56A3F /* Assets.xcassets */; };
		88F09D3326C39B7700B56A3F /* LaunchScreen.storyboard in Resources */ = {isa = PBXBuildFile; fileRef = 88F09D3126C39B7700B56A3F /* LaunchScreen.storyboard */; };
		88F09D3E26C39B7700B56A3F /* MemoryCardsProjectTests.swift in Sources */ = {isa = PBXBuildFile; fileRef = 88F09D3D26C39B7700B56A3F /* MemoryCardsProjectTests.swift */; };
		88F09D4926C39B7800B56A3F /* MemoryCardsProjectUITests.swift in Sources */ = {isa = PBXBuildFile; fileRef = 88F09D4826C39B7800B56A3F /* MemoryCardsProjectUITests.swift */; };
		88F09D6926C52E8C00B56A3F /* CategoriesVC.swift in Sources */ = {isa = PBXBuildFile; fileRef = 88F09D6826C52E8C00B56A3F /* CategoriesVC.swift */; };
		88F09D6E26C52EB800B56A3F /* RecordsVC.swift in Sources */ = {isa = PBXBuildFile; fileRef = 88F09D6D26C52EB800B56A3F /* RecordsVC.swift */; };
		88F09D7326C5304100B56A3F /* ShareVC.swift in Sources */ = {isa = PBXBuildFile; fileRef = 88F09D7226C5304100B56A3F /* ShareVC.swift */; };
		88F09D7826C5332200B56A3F /* CustomCardsVC.swift in Sources */ = {isa = PBXBuildFile; fileRef = 88F09D7726C5332200B56A3F /* CustomCardsVC.swift */; };
		88F09DB026C66FEE00B56A3F /* BaseNavigationVC.swift in Sources */ = {isa = PBXBuildFile; fileRef = 88F09DAF26C66FEE00B56A3F /* BaseNavigationVC.swift */; };
		88F09DCA26C936A100B56A3F /* UIViewController+Extension.swift in Sources */ = {isa = PBXBuildFile; fileRef = 88F09DC926C936A100B56A3F /* UIViewController+Extension.swift */; };
		88F09DCF26C9445200B56A3F /* ProfileSideMenuVC.swift in Sources */ = {isa = PBXBuildFile; fileRef = 88F09DCE26C9445200B56A3F /* ProfileSideMenuVC.swift */; };
/* End PBXBuildFile section */

/* Begin PBXContainerItemProxy section */
		88F09D3A26C39B7700B56A3F /* PBXContainerItemProxy */ = {
			isa = PBXContainerItemProxy;
			containerPortal = 88F09D1B26C39B7400B56A3F /* Project object */;
			proxyType = 1;
			remoteGlobalIDString = 88F09D2226C39B7400B56A3F;
			remoteInfo = MemoryCardsProject;
		};
		88F09D4526C39B7800B56A3F /* PBXContainerItemProxy */ = {
			isa = PBXContainerItemProxy;
			containerPortal = 88F09D1B26C39B7400B56A3F /* Project object */;
			proxyType = 1;
			remoteGlobalIDString = 88F09D2226C39B7400B56A3F;
			remoteInfo = MemoryCardsProject;
		};
/* End PBXContainerItemProxy section */

/* Begin PBXFileReference section */
		88202A7126CA5A7C0079234F /* CategoryView.swift */ = {isa = PBXFileReference; lastKnownFileType = sourcecode.swift; path = CategoryView.swift; sourceTree = "<group>"; };
		88202A7926CAB0A70079234F /* CategoryButton.swift */ = {isa = PBXFileReference; lastKnownFileType = sourcecode.swift; path = CategoryButton.swift; sourceTree = "<group>"; };
		88202A7E26CAB7090079234F /* CategoriesStackView.swift */ = {isa = PBXFileReference; lastKnownFileType = sourcecode.swift; path = CategoriesStackView.swift; sourceTree = "<group>"; };
		88F09D2326C39B7400B56A3F /* MemoryCardsProject.app */ = {isa = PBXFileReference; explicitFileType = wrapper.application; includeInIndex = 0; path = MemoryCardsProject.app; sourceTree = BUILT_PRODUCTS_DIR; };
		88F09D2626C39B7400B56A3F /* AppDelegate.swift */ = {isa = PBXFileReference; lastKnownFileType = sourcecode.swift; path = AppDelegate.swift; sourceTree = "<group>"; };
		88F09D2826C39B7400B56A3F /* SceneDelegate.swift */ = {isa = PBXFileReference; lastKnownFileType = sourcecode.swift; path = SceneDelegate.swift; sourceTree = "<group>"; };
		88F09D2A26C39B7400B56A3F /* ContainerTabBarController.swift */ = {isa = PBXFileReference; lastKnownFileType = sourcecode.swift; path = ContainerTabBarController.swift; sourceTree = "<group>"; };
		88F09D2F26C39B7700B56A3F /* Assets.xcassets */ = {isa = PBXFileReference; lastKnownFileType = folder.assetcatalog; path = Assets.xcassets; sourceTree = "<group>"; };
		88F09D3226C39B7700B56A3F /* Base */ = {isa = PBXFileReference; lastKnownFileType = file.storyboard; name = Base; path = Base.lproj/LaunchScreen.storyboard; sourceTree = "<group>"; };
		88F09D3426C39B7700B56A3F /* Info.plist */ = {isa = PBXFileReference; lastKnownFileType = text.plist.xml; path = Info.plist; sourceTree = "<group>"; };
		88F09D3926C39B7700B56A3F /* MemoryCardsProjectTests.xctest */ = {isa = PBXFileReference; explicitFileType = wrapper.cfbundle; includeInIndex = 0; path = MemoryCardsProjectTests.xctest; sourceTree = BUILT_PRODUCTS_DIR; };
		88F09D3D26C39B7700B56A3F /* MemoryCardsProjectTests.swift */ = {isa = PBXFileReference; lastKnownFileType = sourcecode.swift; path = MemoryCardsProjectTests.swift; sourceTree = "<group>"; };
		88F09D3F26C39B7700B56A3F /* Info.plist */ = {isa = PBXFileReference; lastKnownFileType = text.plist.xml; path = Info.plist; sourceTree = "<group>"; };
		88F09D4426C39B7800B56A3F /* MemoryCardsProjectUITests.xctest */ = {isa = PBXFileReference; explicitFileType = wrapper.cfbundle; includeInIndex = 0; path = MemoryCardsProjectUITests.xctest; sourceTree = BUILT_PRODUCTS_DIR; };
		88F09D4826C39B7800B56A3F /* MemoryCardsProjectUITests.swift */ = {isa = PBXFileReference; lastKnownFileType = sourcecode.swift; path = MemoryCardsProjectUITests.swift; sourceTree = "<group>"; };
		88F09D4A26C39B7800B56A3F /* Info.plist */ = {isa = PBXFileReference; lastKnownFileType = text.plist.xml; path = Info.plist; sourceTree = "<group>"; };
		88F09D6826C52E8C00B56A3F /* CategoriesVC.swift */ = {isa = PBXFileReference; lastKnownFileType = sourcecode.swift; path = CategoriesVC.swift; sourceTree = "<group>"; };
		88F09D6D26C52EB800B56A3F /* RecordsVC.swift */ = {isa = PBXFileReference; lastKnownFileType = sourcecode.swift; path = RecordsVC.swift; sourceTree = "<group>"; };
		88F09D7226C5304100B56A3F /* ShareVC.swift */ = {isa = PBXFileReference; lastKnownFileType = sourcecode.swift; path = ShareVC.swift; sourceTree = "<group>"; };
		88F09D7726C5332200B56A3F /* CustomCardsVC.swift */ = {isa = PBXFileReference; lastKnownFileType = sourcecode.swift; path = CustomCardsVC.swift; sourceTree = "<group>"; };
		88F09DAF26C66FEE00B56A3F /* BaseNavigationVC.swift */ = {isa = PBXFileReference; lastKnownFileType = sourcecode.swift; path = BaseNavigationVC.swift; sourceTree = "<group>"; };
		88F09DC926C936A100B56A3F /* UIViewController+Extension.swift */ = {isa = PBXFileReference; lastKnownFileType = sourcecode.swift; path = "UIViewController+Extension.swift"; sourceTree = "<group>"; };
		88F09DCE26C9445200B56A3F /* ProfileSideMenuVC.swift */ = {isa = PBXFileReference; lastKnownFileType = sourcecode.swift; path = ProfileSideMenuVC.swift; sourceTree = "<group>"; };
/* End PBXFileReference section */

/* Begin PBXFrameworksBuildPhase section */
		88F09D2026C39B7400B56A3F /* Frameworks */ = {
			isa = PBXFrameworksBuildPhase;
			buildActionMask = 2147483647;
			files = (
			);
			runOnlyForDeploymentPostprocessing = 0;
		};
		88F09D3626C39B7700B56A3F /* Frameworks */ = {
			isa = PBXFrameworksBuildPhase;
			buildActionMask = 2147483647;
			files = (
			);
			runOnlyForDeploymentPostprocessing = 0;
		};
		88F09D4126C39B7800B56A3F /* Frameworks */ = {
			isa = PBXFrameworksBuildPhase;
			buildActionMask = 2147483647;
			files = (
			);
			runOnlyForDeploymentPostprocessing = 0;
		};
/* End PBXFrameworksBuildPhase section */

/* Begin PBXGroup section */
		88202A7026CA5A550079234F /* Components */ = {
			isa = PBXGroup;
			children = (
				88202A7126CA5A7C0079234F /* CategoryView.swift */,
				88202A7926CAB0A70079234F /* CategoryButton.swift */,
				88202A7E26CAB7090079234F /* CategoriesStackView.swift */,
			);
			path = Components;
			sourceTree = "<group>";
		};
		88F09D1A26C39B7400B56A3F = {
			isa = PBXGroup;
			children = (
				88F09D2526C39B7400B56A3F /* MemoryCardsProject */,
				88F09D3C26C39B7700B56A3F /* MemoryCardsProjectTests */,
				88F09D4726C39B7800B56A3F /* MemoryCardsProjectUITests */,
				88F09D2426C39B7400B56A3F /* Products */,
			);
			sourceTree = "<group>";
		};
		88F09D2426C39B7400B56A3F /* Products */ = {
			isa = PBXGroup;
			children = (
				88F09D2326C39B7400B56A3F /* MemoryCardsProject.app */,
				88F09D3926C39B7700B56A3F /* MemoryCardsProjectTests.xctest */,
				88F09D4426C39B7800B56A3F /* MemoryCardsProjectUITests.xctest */,
			);
			name = Products;
			sourceTree = "<group>";
		};
		88F09D2526C39B7400B56A3F /* MemoryCardsProject */ = {
			isa = PBXGroup;
			children = (
				88F09DD826C96BBE00B56A3F /* Application */,
				88F09DD326C96B9D00B56A3F /* Common */,
				88F09D2626C39B7400B56A3F /* AppDelegate.swift */,
				88F09D2826C39B7400B56A3F /* SceneDelegate.swift */,
				88F09D2F26C39B7700B56A3F /* Assets.xcassets */,
				88F09D3126C39B7700B56A3F /* LaunchScreen.storyboard */,
				88F09D3426C39B7700B56A3F /* Info.plist */,
			);
			path = MemoryCardsProject;
			sourceTree = "<group>";
		};
		88F09D3C26C39B7700B56A3F /* MemoryCardsProjectTests */ = {
			isa = PBXGroup;
			children = (
				88F09D3D26C39B7700B56A3F /* MemoryCardsProjectTests.swift */,
				88F09D3F26C39B7700B56A3F /* Info.plist */,
			);
			path = MemoryCardsProjectTests;
			sourceTree = "<group>";
		};
		88F09D4726C39B7800B56A3F /* MemoryCardsProjectUITests */ = {
			isa = PBXGroup;
			children = (
				88F09D4826C39B7800B56A3F /* MemoryCardsProjectUITests.swift */,
				88F09D4A26C39B7800B56A3F /* Info.plist */,
			);
			path = MemoryCardsProjectUITests;
			sourceTree = "<group>";
		};
		88F09DD326C96B9D00B56A3F /* Common */ = {
			isa = PBXGroup;
			children = (
				88202A7026CA5A550079234F /* Components */,
				88F09DD426C96BA500B56A3F /* Extensions */,
			);
			path = Common;
			sourceTree = "<group>";
		};
		88F09DD426C96BA500B56A3F /* Extensions */ = {
			isa = PBXGroup;
			children = (
				88F09DC926C936A100B56A3F /* UIViewController+Extension.swift */,
			);
			path = Extensions;
			sourceTree = "<group>";
		};
		88F09DD826C96BBE00B56A3F /* Application */ = {
			isa = PBXGroup;
			children = (
				88F09DAF26C66FEE00B56A3F /* BaseNavigationVC.swift */,
				88F09D2A26C39B7400B56A3F /* ContainerTabBarController.swift */,
				88F09D6826C52E8C00B56A3F /* CategoriesVC.swift */,
				88F09D6D26C52EB800B56A3F /* RecordsVC.swift */,
				88F09D7226C5304100B56A3F /* ShareVC.swift */,
				88F09D7726C5332200B56A3F /* CustomCardsVC.swift */,
				88F09DCE26C9445200B56A3F /* ProfileSideMenuVC.swift */,
			);
			path = Application;
			sourceTree = "<group>";
		};
/* End PBXGroup section */

/* Begin PBXNativeTarget section */
		88F09D2226C39B7400B56A3F /* MemoryCardsProject */ = {
			isa = PBXNativeTarget;
			buildConfigurationList = 88F09D4D26C39B7800B56A3F /* Build configuration list for PBXNativeTarget "MemoryCardsProject" */;
			buildPhases = (
				88F09D1F26C39B7400B56A3F /* Sources */,
				88F09D2026C39B7400B56A3F /* Frameworks */,
				88F09D2126C39B7400B56A3F /* Resources */,
			);
			buildRules = (
			);
			dependencies = (
			);
			name = MemoryCardsProject;
			productName = MemoryCardsProject;
			productReference = 88F09D2326C39B7400B56A3F /* MemoryCardsProject.app */;
			productType = "com.apple.product-type.application";
		};
		88F09D3826C39B7700B56A3F /* MemoryCardsProjectTests */ = {
			isa = PBXNativeTarget;
			buildConfigurationList = 88F09D5026C39B7800B56A3F /* Build configuration list for PBXNativeTarget "MemoryCardsProjectTests" */;
			buildPhases = (
				88F09D3526C39B7700B56A3F /* Sources */,
				88F09D3626C39B7700B56A3F /* Frameworks */,
				88F09D3726C39B7700B56A3F /* Resources */,
			);
			buildRules = (
			);
			dependencies = (
				88F09D3B26C39B7700B56A3F /* PBXTargetDependency */,
			);
			name = MemoryCardsProjectTests;
			productName = MemoryCardsProjectTests;
			productReference = 88F09D3926C39B7700B56A3F /* MemoryCardsProjectTests.xctest */;
			productType = "com.apple.product-type.bundle.unit-test";
		};
		88F09D4326C39B7800B56A3F /* MemoryCardsProjectUITests */ = {
			isa = PBXNativeTarget;
			buildConfigurationList = 88F09D5326C39B7800B56A3F /* Build configuration list for PBXNativeTarget "MemoryCardsProjectUITests" */;
			buildPhases = (
				88F09D4026C39B7800B56A3F /* Sources */,
				88F09D4126C39B7800B56A3F /* Frameworks */,
				88F09D4226C39B7800B56A3F /* Resources */,
			);
			buildRules = (
			);
			dependencies = (
				88F09D4626C39B7800B56A3F /* PBXTargetDependency */,
			);
			name = MemoryCardsProjectUITests;
			productName = MemoryCardsProjectUITests;
			productReference = 88F09D4426C39B7800B56A3F /* MemoryCardsProjectUITests.xctest */;
			productType = "com.apple.product-type.bundle.ui-testing";
		};
/* End PBXNativeTarget section */

/* Begin PBXProject section */
		88F09D1B26C39B7400B56A3F /* Project object */ = {
			isa = PBXProject;
			attributes = {
				LastSwiftUpdateCheck = 1240;
				LastUpgradeCheck = 1240;
				TargetAttributes = {
					88F09D2226C39B7400B56A3F = {
						CreatedOnToolsVersion = 12.4;
					};
					88F09D3826C39B7700B56A3F = {
						CreatedOnToolsVersion = 12.4;
						TestTargetID = 88F09D2226C39B7400B56A3F;
					};
					88F09D4326C39B7800B56A3F = {
						CreatedOnToolsVersion = 12.4;
						TestTargetID = 88F09D2226C39B7400B56A3F;
					};
				};
			};
			buildConfigurationList = 88F09D1E26C39B7400B56A3F /* Build configuration list for PBXProject "MemoryCardsProject" */;
			compatibilityVersion = "Xcode 9.3";
			developmentRegion = en;
			hasScannedForEncodings = 0;
			knownRegions = (
				en,
				Base,
			);
			mainGroup = 88F09D1A26C39B7400B56A3F;
			productRefGroup = 88F09D2426C39B7400B56A3F /* Products */;
			projectDirPath = "";
			projectRoot = "";
			targets = (
				88F09D2226C39B7400B56A3F /* MemoryCardsProject */,
				88F09D3826C39B7700B56A3F /* MemoryCardsProjectTests */,
				88F09D4326C39B7800B56A3F /* MemoryCardsProjectUITests */,
			);
		};
/* End PBXProject section */

/* Begin PBXResourcesBuildPhase section */
		88F09D2126C39B7400B56A3F /* Resources */ = {
			isa = PBXResourcesBuildPhase;
			buildActionMask = 2147483647;
			files = (
				88F09D3326C39B7700B56A3F /* LaunchScreen.storyboard in Resources */,
				88F09D3026C39B7700B56A3F /* Assets.xcassets in Resources */,
			);
			runOnlyForDeploymentPostprocessing = 0;
		};
		88F09D3726C39B7700B56A3F /* Resources */ = {
			isa = PBXResourcesBuildPhase;
			buildActionMask = 2147483647;
			files = (
			);
			runOnlyForDeploymentPostprocessing = 0;
		};
		88F09D4226C39B7800B56A3F /* Resources */ = {
			isa = PBXResourcesBuildPhase;
			buildActionMask = 2147483647;
			files = (
			);
			runOnlyForDeploymentPostprocessing = 0;
		};
/* End PBXResourcesBuildPhase section */

/* Begin PBXSourcesBuildPhase section */
		88F09D1F26C39B7400B56A3F /* Sources */ = {
			isa = PBXSourcesBuildPhase;
			buildActionMask = 2147483647;
			files = (
				88F09D2B26C39B7400B56A3F /* ContainerTabBarController.swift in Sources */,
				88F09D7326C5304100B56A3F /* ShareVC.swift in Sources */,
				88F09D2726C39B7400B56A3F /* AppDelegate.swift in Sources */,
				88F09D6E26C52EB800B56A3F /* RecordsVC.swift in Sources */,
				88202A7F26CAB7090079234F /* CategoriesStackView.swift in Sources */,
				88F09D2926C39B7400B56A3F /* SceneDelegate.swift in Sources */,
				88202A7226CA5A7C0079234F /* CategoryView.swift in Sources */,
				88F09D6926C52E8C00B56A3F /* CategoriesVC.swift in Sources */,
				88F09DB026C66FEE00B56A3F /* BaseNavigationVC.swift in Sources */,
				88F09DCF26C9445200B56A3F /* ProfileSideMenuVC.swift in Sources */,
				88202A7A26CAB0A70079234F /* CategoryButton.swift in Sources */,
				88F09DCA26C936A100B56A3F /* UIViewController+Extension.swift in Sources */,
				88F09D7826C5332200B56A3F /* CustomCardsVC.swift in Sources */,
			);
			runOnlyForDeploymentPostprocessing = 0;
		};
		88F09D3526C39B7700B56A3F /* Sources */ = {
			isa = PBXSourcesBuildPhase;
			buildActionMask = 2147483647;
			files = (
				88F09D3E26C39B7700B56A3F /* MemoryCardsProjectTests.swift in Sources */,
			);
			runOnlyForDeploymentPostprocessing = 0;
		};
		88F09D4026C39B7800B56A3F /* Sources */ = {
			isa = PBXSourcesBuildPhase;
			buildActionMask = 2147483647;
			files = (
				88F09D4926C39B7800B56A3F /* MemoryCardsProjectUITests.swift in Sources */,
			);
			runOnlyForDeploymentPostprocessing = 0;
		};
/* End PBXSourcesBuildPhase section */

/* Begin PBXTargetDependency section */
		88F09D3B26C39B7700B56A3F /* PBXTargetDependency */ = {
			isa = PBXTargetDependency;
			target = 88F09D2226C39B7400B56A3F /* MemoryCardsProject */;
			targetProxy = 88F09D3A26C39B7700B56A3F /* PBXContainerItemProxy */;
		};
		88F09D4626C39B7800B56A3F /* PBXTargetDependency */ = {
			isa = PBXTargetDependency;
			target = 88F09D2226C39B7400B56A3F /* MemoryCardsProject */;
			targetProxy = 88F09D4526C39B7800B56A3F /* PBXContainerItemProxy */;
		};
/* End PBXTargetDependency section */

/* Begin PBXVariantGroup section */
		88F09D3126C39B7700B56A3F /* LaunchScreen.storyboard */ = {
			isa = PBXVariantGroup;
			children = (
				88F09D3226C39B7700B56A3F /* Base */,
			);
			name = LaunchScreen.storyboard;
			sourceTree = "<group>";
		};
/* End PBXVariantGroup section */

/* Begin XCBuildConfiguration section */
		88F09D4B26C39B7800B56A3F /* Debug */ = {
			isa = XCBuildConfiguration;
			buildSettings = {
				ALWAYS_SEARCH_USER_PATHS = NO;
				CLANG_ANALYZER_NONNULL = YES;
				CLANG_ANALYZER_NUMBER_OBJECT_CONVERSION = YES_AGGRESSIVE;
				CLANG_CXX_LANGUAGE_STANDARD = "gnu++14";
				CLANG_CXX_LIBRARY = "libc++";
				CLANG_ENABLE_MODULES = YES;
				CLANG_ENABLE_OBJC_ARC = YES;
				CLANG_ENABLE_OBJC_WEAK = YES;
				CLANG_WARN_BLOCK_CAPTURE_AUTORELEASING = YES;
				CLANG_WARN_BOOL_CONVERSION = YES;
				CLANG_WARN_COMMA = YES;
				CLANG_WARN_CONSTANT_CONVERSION = YES;
				CLANG_WARN_DEPRECATED_OBJC_IMPLEMENTATIONS = YES;
				CLANG_WARN_DIRECT_OBJC_ISA_USAGE = YES_ERROR;
				CLANG_WARN_DOCUMENTATION_COMMENTS = YES;
				CLANG_WARN_EMPTY_BODY = YES;
				CLANG_WARN_ENUM_CONVERSION = YES;
				CLANG_WARN_INFINITE_RECURSION = YES;
				CLANG_WARN_INT_CONVERSION = YES;
				CLANG_WARN_NON_LITERAL_NULL_CONVERSION = YES;
				CLANG_WARN_OBJC_IMPLICIT_RETAIN_SELF = YES;
				CLANG_WARN_OBJC_LITERAL_CONVERSION = YES;
				CLANG_WARN_OBJC_ROOT_CLASS = YES_ERROR;
				CLANG_WARN_QUOTED_INCLUDE_IN_FRAMEWORK_HEADER = YES;
				CLANG_WARN_RANGE_LOOP_ANALYSIS = YES;
				CLANG_WARN_STRICT_PROTOTYPES = YES;
				CLANG_WARN_SUSPICIOUS_MOVE = YES;
				CLANG_WARN_UNGUARDED_AVAILABILITY = YES_AGGRESSIVE;
				CLANG_WARN_UNREACHABLE_CODE = YES;
				CLANG_WARN__DUPLICATE_METHOD_MATCH = YES;
				COPY_PHASE_STRIP = NO;
				DEBUG_INFORMATION_FORMAT = dwarf;
				ENABLE_STRICT_OBJC_MSGSEND = YES;
				ENABLE_TESTABILITY = YES;
				GCC_C_LANGUAGE_STANDARD = gnu11;
				GCC_DYNAMIC_NO_PIC = NO;
				GCC_NO_COMMON_BLOCKS = YES;
				GCC_OPTIMIZATION_LEVEL = 0;
				GCC_PREPROCESSOR_DEFINITIONS = (
					"DEBUG=1",
					"$(inherited)",
				);
				GCC_WARN_64_TO_32_BIT_CONVERSION = YES;
				GCC_WARN_ABOUT_RETURN_TYPE = YES_ERROR;
				GCC_WARN_UNDECLARED_SELECTOR = YES;
				GCC_WARN_UNINITIALIZED_AUTOS = YES_AGGRESSIVE;
				GCC_WARN_UNUSED_FUNCTION = YES;
				GCC_WARN_UNUSED_VARIABLE = YES;
				IPHONEOS_DEPLOYMENT_TARGET = 14.4;
				MTL_ENABLE_DEBUG_INFO = INCLUDE_SOURCE;
				MTL_FAST_MATH = YES;
				ONLY_ACTIVE_ARCH = YES;
				SDKROOT = iphoneos;
				SWIFT_ACTIVE_COMPILATION_CONDITIONS = DEBUG;
				SWIFT_OPTIMIZATION_LEVEL = "-Onone";
			};
			name = Debug;
		};
		88F09D4C26C39B7800B56A3F /* Release */ = {
			isa = XCBuildConfiguration;
			buildSettings = {
				ALWAYS_SEARCH_USER_PATHS = NO;
				CLANG_ANALYZER_NONNULL = YES;
				CLANG_ANALYZER_NUMBER_OBJECT_CONVERSION = YES_AGGRESSIVE;
				CLANG_CXX_LANGUAGE_STANDARD = "gnu++14";
				CLANG_CXX_LIBRARY = "libc++";
				CLANG_ENABLE_MODULES = YES;
				CLANG_ENABLE_OBJC_ARC = YES;
				CLANG_ENABLE_OBJC_WEAK = YES;
				CLANG_WARN_BLOCK_CAPTURE_AUTORELEASING = YES;
				CLANG_WARN_BOOL_CONVERSION = YES;
				CLANG_WARN_COMMA = YES;
				CLANG_WARN_CONSTANT_CONVERSION = YES;
				CLANG_WARN_DEPRECATED_OBJC_IMPLEMENTATIONS = YES;
				CLANG_WARN_DIRECT_OBJC_ISA_USAGE = YES_ERROR;
				CLANG_WARN_DOCUMENTATION_COMMENTS = YES;
				CLANG_WARN_EMPTY_BODY = YES;
				CLANG_WARN_ENUM_CONVERSION = YES;
				CLANG_WARN_INFINITE_RECURSION = YES;
				CLANG_WARN_INT_CONVERSION = YES;
				CLANG_WARN_NON_LITERAL_NULL_CONVERSION = YES;
				CLANG_WARN_OBJC_IMPLICIT_RETAIN_SELF = YES;
				CLANG_WARN_OBJC_LITERAL_CONVERSION = YES;
				CLANG_WARN_OBJC_ROOT_CLASS = YES_ERROR;
				CLANG_WARN_QUOTED_INCLUDE_IN_FRAMEWORK_HEADER = YES;
				CLANG_WARN_RANGE_LOOP_ANALYSIS = YES;
				CLANG_WARN_STRICT_PROTOTYPES = YES;
				CLANG_WARN_SUSPICIOUS_MOVE = YES;
				CLANG_WARN_UNGUARDED_AVAILABILITY = YES_AGGRESSIVE;
				CLANG_WARN_UNREACHABLE_CODE = YES;
				CLANG_WARN__DUPLICATE_METHOD_MATCH = YES;
				COPY_PHASE_STRIP = NO;
				DEBUG_INFORMATION_FORMAT = "dwarf-with-dsym";
				ENABLE_NS_ASSERTIONS = NO;
				ENABLE_STRICT_OBJC_MSGSEND = YES;
				GCC_C_LANGUAGE_STANDARD = gnu11;
				GCC_NO_COMMON_BLOCKS = YES;
				GCC_WARN_64_TO_32_BIT_CONVERSION = YES;
				GCC_WARN_ABOUT_RETURN_TYPE = YES_ERROR;
				GCC_WARN_UNDECLARED_SELECTOR = YES;
				GCC_WARN_UNINITIALIZED_AUTOS = YES_AGGRESSIVE;
				GCC_WARN_UNUSED_FUNCTION = YES;
				GCC_WARN_UNUSED_VARIABLE = YES;
				IPHONEOS_DEPLOYMENT_TARGET = 14.4;
				MTL_ENABLE_DEBUG_INFO = NO;
				MTL_FAST_MATH = YES;
				SDKROOT = iphoneos;
				SWIFT_COMPILATION_MODE = wholemodule;
				SWIFT_OPTIMIZATION_LEVEL = "-O";
				VALIDATE_PRODUCT = YES;
			};
			name = Release;
		};
		88F09D4E26C39B7800B56A3F /* Debug */ = {
			isa = XCBuildConfiguration;
			buildSettings = {
				ASSETCATALOG_COMPILER_APPICON_NAME = AppIcon;
				ASSETCATALOG_COMPILER_GLOBAL_ACCENT_COLOR_NAME = AccentColor;
				CODE_SIGN_STYLE = Automatic;
				DEVELOPMENT_TEAM = 65S558ZT4U;
				INFOPLIST_FILE = MemoryCardsProject/Info.plist;
				LD_RUNPATH_SEARCH_PATHS = (
					"$(inherited)",
					"@executable_path/Frameworks",
				);
				PRODUCT_BUNDLE_IDENTIFIER = com.bulutoztemur.MemoryCardsProject;
				PRODUCT_NAME = "$(TARGET_NAME)";
				SWIFT_VERSION = 5.0;
				TARGETED_DEVICE_FAMILY = "1,2";
			};
			name = Debug;
		};
		88F09D4F26C39B7800B56A3F /* Release */ = {
			isa = XCBuildConfiguration;
			buildSettings = {
				ASSETCATALOG_COMPILER_APPICON_NAME = AppIcon;
				ASSETCATALOG_COMPILER_GLOBAL_ACCENT_COLOR_NAME = AccentColor;
				CODE_SIGN_STYLE = Automatic;
				DEVELOPMENT_TEAM = 65S558ZT4U;
				INFOPLIST_FILE = MemoryCardsProject/Info.plist;
				LD_RUNPATH_SEARCH_PATHS = (
					"$(inherited)",
					"@executable_path/Frameworks",
				);
				PRODUCT_BUNDLE_IDENTIFIER = com.bulutoztemur.MemoryCardsProject;
				PRODUCT_NAME = "$(TARGET_NAME)";
				SWIFT_VERSION = 5.0;
				TARGETED_DEVICE_FAMILY = "1,2";
			};
			name = Release;
		};
		88F09D5126C39B7800B56A3F /* Debug */ = {
			isa = XCBuildConfiguration;
			buildSettings = {
				ALWAYS_EMBED_SWIFT_STANDARD_LIBRARIES = YES;
				BUNDLE_LOADER = "$(TEST_HOST)";
				CODE_SIGN_STYLE = Automatic;
				DEVELOPMENT_TEAM = 65S558ZT4U;
				INFOPLIST_FILE = MemoryCardsProjectTests/Info.plist;
				IPHONEOS_DEPLOYMENT_TARGET = 14.4;
				LD_RUNPATH_SEARCH_PATHS = (
					"$(inherited)",
					"@executable_path/Frameworks",
					"@loader_path/Frameworks",
				);
				PRODUCT_BUNDLE_IDENTIFIER = com.bulutoztemur.MemoryCardsProjectTests;
				PRODUCT_NAME = "$(TARGET_NAME)";
				SWIFT_VERSION = 5.0;
				TARGETED_DEVICE_FAMILY = "1,2";
				TEST_HOST = "$(BUILT_PRODUCTS_DIR)/MemoryCardsProject.app/MemoryCardsProject";
			};
			name = Debug;
		};
		88F09D5226C39B7800B56A3F /* Release */ = {
			isa = XCBuildConfiguration;
			buildSettings = {
				ALWAYS_EMBED_SWIFT_STANDARD_LIBRARIES = YES;
				BUNDLE_LOADER = "$(TEST_HOST)";
				CODE_SIGN_STYLE = Automatic;
				DEVELOPMENT_TEAM = 65S558ZT4U;
				INFOPLIST_FILE = MemoryCardsProjectTests/Info.plist;
				IPHONEOS_DEPLOYMENT_TARGET = 14.4;
				LD_RUNPATH_SEARCH_PATHS = (
					"$(inherited)",
					"@executable_path/Frameworks",
					"@loader_path/Frameworks",
				);
				PRODUCT_BUNDLE_IDENTIFIER = com.bulutoztemur.MemoryCardsProjectTests;
				PRODUCT_NAME = "$(TARGET_NAME)";
				SWIFT_VERSION = 5.0;
				TARGETED_DEVICE_FAMILY = "1,2";
				TEST_HOST = "$(BUILT_PRODUCTS_DIR)/MemoryCardsProject.app/MemoryCardsProject";
			};
			name = Release;
		};
		88F09D5426C39B7800B56A3F /* Debug */ = {
			isa = XCBuildConfiguration;
			buildSettings = {
				ALWAYS_EMBED_SWIFT_STANDARD_LIBRARIES = YES;
				CODE_SIGN_STYLE = Automatic;
				DEVELOPMENT_TEAM = 65S558ZT4U;
				INFOPLIST_FILE = MemoryCardsProjectUITests/Info.plist;
				LD_RUNPATH_SEARCH_PATHS = (
					"$(inherited)",
					"@executable_path/Frameworks",
					"@loader_path/Frameworks",
				);
				PRODUCT_BUNDLE_IDENTIFIER = com.bulutoztemur.MemoryCardsProjectUITests;
				PRODUCT_NAME = "$(TARGET_NAME)";
				SWIFT_VERSION = 5.0;
				TARGETED_DEVICE_FAMILY = "1,2";
				TEST_TARGET_NAME = MemoryCardsProject;
			};
			name = Debug;
		};
		88F09D5526C39B7800B56A3F /* Release */ = {
			isa = XCBuildConfiguration;
			buildSettings = {
				ALWAYS_EMBED_SWIFT_STANDARD_LIBRARIES = YES;
				CODE_SIGN_STYLE = Automatic;
				DEVELOPMENT_TEAM = 65S558ZT4U;
				INFOPLIST_FILE = MemoryCardsProjectUITests/Info.plist;
				LD_RUNPATH_SEARCH_PATHS = (
					"$(inherited)",
					"@executable_path/Frameworks",
					"@loader_path/Frameworks",
				);
				PRODUCT_BUNDLE_IDENTIFIER = com.bulutoztemur.MemoryCardsProjectUITests;
				PRODUCT_NAME = "$(TARGET_NAME)";
				SWIFT_VERSION = 5.0;
				TARGETED_DEVICE_FAMILY = "1,2";
				TEST_TARGET_NAME = MemoryCardsProject;
			};
			name = Release;
		};
/* End XCBuildConfiguration section */

/* Begin XCConfigurationList section */
		88F09D1E26C39B7400B56A3F /* Build configuration list for PBXProject "MemoryCardsProject" */ = {
			isa = XCConfigurationList;
			buildConfigurations = (
				88F09D4B26C39B7800B56A3F /* Debug */,
				88F09D4C26C39B7800B56A3F /* Release */,
			);
			defaultConfigurationIsVisible = 0;
			defaultConfigurationName = Release;
		};
		88F09D4D26C39B7800B56A3F /* Build configuration list for PBXNativeTarget "MemoryCardsProject" */ = {
			isa = XCConfigurationList;
			buildConfigurations = (
				88F09D4E26C39B7800B56A3F /* Debug */,
				88F09D4F26C39B7800B56A3F /* Release */,
			);
			defaultConfigurationIsVisible = 0;
			defaultConfigurationName = Release;
		};
		88F09D5026C39B7800B56A3F /* Build configuration list for PBXNativeTarget "MemoryCardsProjectTests" */ = {
			isa = XCConfigurationList;
			buildConfigurations = (
				88F09D5126C39B7800B56A3F /* Debug */,
				88F09D5226C39B7800B56A3F /* Release */,
			);
			defaultConfigurationIsVisible = 0;
			defaultConfigurationName = Release;
		};
		88F09D5326C39B7800B56A3F /* Build configuration list for PBXNativeTarget "MemoryCardsProjectUITests" */ = {
			isa = XCConfigurationList;
			buildConfigurations = (
				88F09D5426C39B7800B56A3F /* Debug */,
				88F09D5526C39B7800B56A3F /* Release */,
			);
			defaultConfigurationIsVisible = 0;
			defaultConfigurationName = Release;
		};
/* End XCConfigurationList section */
	};
	rootObject = 88F09D1B26C39B7400B56A3F /* Project object */;
}
