// !$*UTF8*$!
{
	archiveVersion = 1;
	classes = {
	};
	objectVersion = 51;
	objects = {

/* Begin PBXBuildFile section */
		34CCEC48A9A1E5A5772F893E /* Pods_MemoryCardsProject.framework in Frameworks */ = {isa = PBXBuildFile; fileRef = 102D4D3CF3CC2A2629E02BF0 /* Pods_MemoryCardsProject.framework */; };
		88202A7226CA5A7C0079234F /* CategoryView.swift in Sources */ = {isa = PBXBuildFile; fileRef = 88202A7126CA5A7C0079234F /* CategoryView.swift */; };
		88202A7A26CAB0A70079234F /* CategoryButton.swift in Sources */ = {isa = PBXBuildFile; fileRef = 88202A7926CAB0A70079234F /* CategoryButton.swift */; };
		88202A7F26CAB7090079234F /* CategoriesStackView.swift in Sources */ = {isa = PBXBuildFile; fileRef = 88202A7E26CAB7090079234F /* CategoriesStackView.swift */; };
		88202A8426CB98BE0079234F /* CategoryEnum.swift in Sources */ = {isa = PBXBuildFile; fileRef = 88202A8326CB98BE0079234F /* CategoryEnum.swift */; };
		882EF2162711C71200D781AD /* Theme.swift in Sources */ = {isa = PBXBuildFile; fileRef = 882EF2152711C71200D781AD /* Theme.swift */; };
		882EF2242711CF7A00D781AD /* RxTheme+Extension.swift in Sources */ = {isa = PBXBuildFile; fileRef = 882EF2232711CF7A00D781AD /* RxTheme+Extension.swift */; };
		882EF23C2712118E00D781AD /* OpenSans-Semibold.ttf in Resources */ = {isa = PBXBuildFile; fileRef = 882EF2322712118E00D781AD /* OpenSans-Semibold.ttf */; };
		882EF23D2712118E00D781AD /* OpenSans-Light.ttf in Resources */ = {isa = PBXBuildFile; fileRef = 882EF2332712118E00D781AD /* OpenSans-Light.ttf */; };
		882EF23E2712118E00D781AD /* OpenSans-Italic.ttf in Resources */ = {isa = PBXBuildFile; fileRef = 882EF2342712118E00D781AD /* OpenSans-Italic.ttf */; };
		882EF23F2712118E00D781AD /* OpenSans-ExtraBold.ttf in Resources */ = {isa = PBXBuildFile; fileRef = 882EF2352712118E00D781AD /* OpenSans-ExtraBold.ttf */; };
		882EF2402712118E00D781AD /* OpenSans-LightItalic.ttf in Resources */ = {isa = PBXBuildFile; fileRef = 882EF2362712118E00D781AD /* OpenSans-LightItalic.ttf */; };
		882EF2412712118E00D781AD /* OpenSans-Bold.ttf in Resources */ = {isa = PBXBuildFile; fileRef = 882EF2372712118E00D781AD /* OpenSans-Bold.ttf */; };
		882EF2422712118E00D781AD /* OpenSans-SemiboldItalic.ttf in Resources */ = {isa = PBXBuildFile; fileRef = 882EF2382712118E00D781AD /* OpenSans-SemiboldItalic.ttf */; };
		882EF2432712118E00D781AD /* OpenSans-ExtraBoldItalic.ttf in Resources */ = {isa = PBXBuildFile; fileRef = 882EF2392712118E00D781AD /* OpenSans-ExtraBoldItalic.ttf */; };
		882EF2442712118E00D781AD /* OpenSans-Regular.ttf in Resources */ = {isa = PBXBuildFile; fileRef = 882EF23A2712118E00D781AD /* OpenSans-Regular.ttf */; };
		882EF2452712118E00D781AD /* OpenSans-BoldItalic.ttf in Resources */ = {isa = PBXBuildFile; fileRef = 882EF23B2712118E00D781AD /* OpenSans-BoldItalic.ttf */; };
		882EF24A271211A500D781AD /* AppFont.swift in Sources */ = {isa = PBXBuildFile; fileRef = 882EF249271211A500D781AD /* AppFont.swift */; };
		883B337F2709C4CD00469152 /* ResultVC.swift in Sources */ = {isa = PBXBuildFile; fileRef = 883B337E2709C4CD00469152 /* ResultVC.swift */; };
		883B33872709C4DA00469152 /* ResultVM.swift in Sources */ = {isa = PBXBuildFile; fileRef = 883B33862709C4DA00469152 /* ResultVM.swift */; };
		883B338C2709FCBC00469152 /* BaseVC.swift in Sources */ = {isa = PBXBuildFile; fileRef = 883B338B2709FCBC00469152 /* BaseVC.swift */; };
		883B33F3270B147000469152 /* ResultView.swift in Sources */ = {isa = PBXBuildFile; fileRef = 883B33F2270B147000469152 /* ResultView.swift */; };
		883B33F8270B148500469152 /* ResultView.xib in Resources */ = {isa = PBXBuildFile; fileRef = 883B33F7270B148500469152 /* ResultView.xib */; };
		883B33FD270B44D900469152 /* Int+Extension.swift in Sources */ = {isa = PBXBuildFile; fileRef = 883B33FC270B44D900469152 /* Int+Extension.swift */; };
		886E98A727050B2300265CF2 /* Copying.swift in Sources */ = {isa = PBXBuildFile; fileRef = 886E98A627050B2300265CF2 /* Copying.swift */; };
		886E98AF27050B4000265CF2 /* Array+Copying.swift in Sources */ = {isa = PBXBuildFile; fileRef = 886E98AE27050B4000265CF2 /* Array+Copying.swift */; };
		888CBCB926CD065D00BDAFB2 /* GameBoardVC.swift in Sources */ = {isa = PBXBuildFile; fileRef = 888CBCB826CD065D00BDAFB2 /* GameBoardVC.swift */; };
		888CBCC026CD197F00BDAFB2 /* ScoreboardView.swift in Sources */ = {isa = PBXBuildFile; fileRef = 888CBCBF26CD197F00BDAFB2 /* ScoreboardView.swift */; };
		888CBCCF26CD4F3100BDAFB2 /* CardView.swift in Sources */ = {isa = PBXBuildFile; fileRef = 888CBCCE26CD4F3100BDAFB2 /* CardView.swift */; };
		888CBCD426CECCC000BDAFB2 /* CardsEnum.swift in Sources */ = {isa = PBXBuildFile; fileRef = 888CBCD326CECCC000BDAFB2 /* CardsEnum.swift */; };
		888CBCD926CFD0D400BDAFB2 /* GameBoardVM.swift in Sources */ = {isa = PBXBuildFile; fileRef = 888CBCD826CFD0D400BDAFB2 /* GameBoardVM.swift */; };
		88902A1D27139A220085CD81 /* Localizable.strings in Resources */ = {isa = PBXBuildFile; fileRef = 88902A1F27139A220085CD81 /* Localizable.strings */; };
		88902A3327140F610085CD81 /* UIImage+Extension.swift in Sources */ = {isa = PBXBuildFile; fileRef = 88902A3227140F610085CD81 /* UIImage+Extension.swift */; };
		88902A38271438290085CD81 /* LanguageSelectionView.swift in Sources */ = {isa = PBXBuildFile; fileRef = 88902A37271438290085CD81 /* LanguageSelectionView.swift */; };
		88902DE42718A4EF0085CD81 /* SelectableItem.swift in Sources */ = {isa = PBXBuildFile; fileRef = 88902DE32718A4EF0085CD81 /* SelectableItem.swift */; };
		88902E042719A9620085CD81 /* AppLanguage.swift in Sources */ = {isa = PBXBuildFile; fileRef = 88902E032719A9620085CD81 /* AppLanguage.swift */; };
		88902E0C2719AC5B0085CD81 /* Locale+Extension.swift in Sources */ = {isa = PBXBuildFile; fileRef = 88902E0B2719AC5B0085CD81 /* Locale+Extension.swift */; };
		88902E112719B8CF0085CD81 /* AppLocalization.swift in Sources */ = {isa = PBXBuildFile; fileRef = 88902E102719B8CF0085CD81 /* AppLocalization.swift */; };
		88F09D2726C39B7400B56A3F /* AppDelegate.swift in Sources */ = {isa = PBXBuildFile; fileRef = 88F09D2626C39B7400B56A3F /* AppDelegate.swift */; };
		88F09D2926C39B7400B56A3F /* SceneDelegate.swift in Sources */ = {isa = PBXBuildFile; fileRef = 88F09D2826C39B7400B56A3F /* SceneDelegate.swift */; };
		88F09D2B26C39B7400B56A3F /* ContainerTabBarController.swift in Sources */ = {isa = PBXBuildFile; fileRef = 88F09D2A26C39B7400B56A3F /* ContainerTabBarController.swift */; };
		88F09D3026C39B7700B56A3F /* Assets.xcassets in Resources */ = {isa = PBXBuildFile; fileRef = 88F09D2F26C39B7700B56A3F /* Assets.xcassets */; };
		88F09D3326C39B7700B56A3F /* LaunchScreen.storyboard in Resources */ = {isa = PBXBuildFile; fileRef = 88F09D3126C39B7700B56A3F /* LaunchScreen.storyboard */; };
		88F09D3E26C39B7700B56A3F /* MemoryCardsProjectTests.swift in Sources */ = {isa = PBXBuildFile; fileRef = 88F09D3D26C39B7700B56A3F /* MemoryCardsProjectTests.swift */; };
		88F09D4926C39B7800B56A3F /* MemoryCardsProjectUITests.swift in Sources */ = {isa = PBXBuildFile; fileRef = 88F09D4826C39B7800B56A3F /* MemoryCardsProjectUITests.swift */; };
		88F09D6926C52E8C00B56A3F /* CategoriesVC.swift in Sources */ = {isa = PBXBuildFile; fileRef = 88F09D6826C52E8C00B56A3F /* CategoriesVC.swift */; };
		88F09D6E26C52EB800B56A3F /* RecordsVC.swift in Sources */ = {isa = PBXBuildFile; fileRef = 88F09D6D26C52EB800B56A3F /* RecordsVC.swift */; };
		88F09D7326C5304100B56A3F /* ShareVC.swift in Sources */ = {isa = PBXBuildFile; fileRef = 88F09D7226C5304100B56A3F /* ShareVC.swift */; };
		88F09D7826C5332200B56A3F /* CustomCardsVC.swift in Sources */ = {isa = PBXBuildFile; fileRef = 88F09D7726C5332200B56A3F /* CustomCardsVC.swift */; };
		88F09DB026C66FEE00B56A3F /* BaseNavigationController.swift in Sources */ = {isa = PBXBuildFile; fileRef = 88F09DAF26C66FEE00B56A3F /* BaseNavigationController.swift */; };
		88F09DCA26C936A100B56A3F /* UIViewController+Extension.swift in Sources */ = {isa = PBXBuildFile; fileRef = 88F09DC926C936A100B56A3F /* UIViewController+Extension.swift */; };
		88F09DCF26C9445200B56A3F /* ProfileSideMenuVC.swift in Sources */ = {isa = PBXBuildFile; fileRef = 88F09DCE26C9445200B56A3F /* ProfileSideMenuVC.swift */; };
		9C1E016B909CADE23BCDB34C /* Pods_MemoryCardsProject_MemoryCardsProjectUITests.framework in Frameworks */ = {isa = PBXBuildFile; fileRef = 5BF95ACC7112E5F3AC841F87 /* Pods_MemoryCardsProject_MemoryCardsProjectUITests.framework */; };
		DBDF8FF6944E4C3D98A1972A /* Pods_MemoryCardsProjectTests.framework in Frameworks */ = {isa = PBXBuildFile; fileRef = 2330B6915FE3746B515AB02D /* Pods_MemoryCardsProjectTests.framework */; };
/* End PBXBuildFile section */

/* Begin PBXContainerItemProxy section */
		88F09D3A26C39B7700B56A3F /* PBXContainerItemProxy */ = {
			isa = PBXContainerItemProxy;
			containerPortal = 88F09D1B26C39B7400B56A3F /* Project object */;
			proxyType = 1;
			remoteGlobalIDString = 88F09D2226C39B7400B56A3F;
			remoteInfo = MemoryCardsProject;
		};
		88F09D4526C39B7800B56A3F /* PBXContainerItemProxy */ = {
			isa = PBXContainerItemProxy;
			containerPortal = 88F09D1B26C39B7400B56A3F /* Project object */;
			proxyType = 1;
			remoteGlobalIDString = 88F09D2226C39B7400B56A3F;
			remoteInfo = MemoryCardsProject;
		};
/* End PBXContainerItemProxy section */

/* Begin PBXFileReference section */
		017E7E0B4C667C80AFA2B7AC /* Pods-MemoryCardsProjectTests.release.xcconfig */ = {isa = PBXFileReference; includeInIndex = 1; lastKnownFileType = text.xcconfig; name = "Pods-MemoryCardsProjectTests.release.xcconfig"; path = "Target Support Files/Pods-MemoryCardsProjectTests/Pods-MemoryCardsProjectTests.release.xcconfig"; sourceTree = "<group>"; };
		102D4D3CF3CC2A2629E02BF0 /* Pods_MemoryCardsProject.framework */ = {isa = PBXFileReference; explicitFileType = wrapper.framework; includeInIndex = 0; path = Pods_MemoryCardsProject.framework; sourceTree = BUILT_PRODUCTS_DIR; };
		173D191022F5B718BEB018DB /* Pods-MemoryCardsProjectTests.debug.xcconfig */ = {isa = PBXFileReference; includeInIndex = 1; lastKnownFileType = text.xcconfig; name = "Pods-MemoryCardsProjectTests.debug.xcconfig"; path = "Target Support Files/Pods-MemoryCardsProjectTests/Pods-MemoryCardsProjectTests.debug.xcconfig"; sourceTree = "<group>"; };
		2330B6915FE3746B515AB02D /* Pods_MemoryCardsProjectTests.framework */ = {isa = PBXFileReference; explicitFileType = wrapper.framework; includeInIndex = 0; path = Pods_MemoryCardsProjectTests.framework; sourceTree = BUILT_PRODUCTS_DIR; };
		371B3787A076D548AF90387C /* Pods-MemoryCardsProject.debug.xcconfig */ = {isa = PBXFileReference; includeInIndex = 1; lastKnownFileType = text.xcconfig; name = "Pods-MemoryCardsProject.debug.xcconfig"; path = "Target Support Files/Pods-MemoryCardsProject/Pods-MemoryCardsProject.debug.xcconfig"; sourceTree = "<group>"; };
		5BF95ACC7112E5F3AC841F87 /* Pods_MemoryCardsProject_MemoryCardsProjectUITests.framework */ = {isa = PBXFileReference; explicitFileType = wrapper.framework; includeInIndex = 0; path = Pods_MemoryCardsProject_MemoryCardsProjectUITests.framework; sourceTree = BUILT_PRODUCTS_DIR; };
		6DE38D4F3293B683F699F8EE /* Pods-MemoryCardsProject.release.xcconfig */ = {isa = PBXFileReference; includeInIndex = 1; lastKnownFileType = text.xcconfig; name = "Pods-MemoryCardsProject.release.xcconfig"; path = "Target Support Files/Pods-MemoryCardsProject/Pods-MemoryCardsProject.release.xcconfig"; sourceTree = "<group>"; };
		88202A7126CA5A7C0079234F /* CategoryView.swift */ = {isa = PBXFileReference; lastKnownFileType = sourcecode.swift; path = CategoryView.swift; sourceTree = "<group>"; };
		88202A7926CAB0A70079234F /* CategoryButton.swift */ = {isa = PBXFileReference; lastKnownFileType = sourcecode.swift; path = CategoryButton.swift; sourceTree = "<group>"; };
		88202A7E26CAB7090079234F /* CategoriesStackView.swift */ = {isa = PBXFileReference; lastKnownFileType = sourcecode.swift; path = CategoriesStackView.swift; sourceTree = "<group>"; };
		88202A8326CB98BE0079234F /* CategoryEnum.swift */ = {isa = PBXFileReference; lastKnownFileType = sourcecode.swift; path = CategoryEnum.swift; sourceTree = "<group>"; };
		882EF2152711C71200D781AD /* Theme.swift */ = {isa = PBXFileReference; lastKnownFileType = sourcecode.swift; path = Theme.swift; sourceTree = "<group>"; };
		882EF2232711CF7A00D781AD /* RxTheme+Extension.swift */ = {isa = PBXFileReference; lastKnownFileType = sourcecode.swift; path = "RxTheme+Extension.swift"; sourceTree = "<group>"; };
		882EF2322712118E00D781AD /* OpenSans-Semibold.ttf */ = {isa = PBXFileReference; lastKnownFileType = file; path = "OpenSans-Semibold.ttf"; sourceTree = "<group>"; };
		882EF2332712118E00D781AD /* OpenSans-Light.ttf */ = {isa = PBXFileReference; lastKnownFileType = file; path = "OpenSans-Light.ttf"; sourceTree = "<group>"; };
		882EF2342712118E00D781AD /* OpenSans-Italic.ttf */ = {isa = PBXFileReference; lastKnownFileType = file; path = "OpenSans-Italic.ttf"; sourceTree = "<group>"; };
		882EF2352712118E00D781AD /* OpenSans-ExtraBold.ttf */ = {isa = PBXFileReference; lastKnownFileType = file; path = "OpenSans-ExtraBold.ttf"; sourceTree = "<group>"; };
		882EF2362712118E00D781AD /* OpenSans-LightItalic.ttf */ = {isa = PBXFileReference; lastKnownFileType = file; path = "OpenSans-LightItalic.ttf"; sourceTree = "<group>"; };
		882EF2372712118E00D781AD /* OpenSans-Bold.ttf */ = {isa = PBXFileReference; lastKnownFileType = file; path = "OpenSans-Bold.ttf"; sourceTree = "<group>"; };
		882EF2382712118E00D781AD /* OpenSans-SemiboldItalic.ttf */ = {isa = PBXFileReference; lastKnownFileType = file; path = "OpenSans-SemiboldItalic.ttf"; sourceTree = "<group>"; };
		882EF2392712118E00D781AD /* OpenSans-ExtraBoldItalic.ttf */ = {isa = PBXFileReference; lastKnownFileType = file; path = "OpenSans-ExtraBoldItalic.ttf"; sourceTree = "<group>"; };
		882EF23A2712118E00D781AD /* OpenSans-Regular.ttf */ = {isa = PBXFileReference; lastKnownFileType = file; path = "OpenSans-Regular.ttf"; sourceTree = "<group>"; };
		882EF23B2712118E00D781AD /* OpenSans-BoldItalic.ttf */ = {isa = PBXFileReference; lastKnownFileType = file; path = "OpenSans-BoldItalic.ttf"; sourceTree = "<group>"; };
		882EF249271211A500D781AD /* AppFont.swift */ = {isa = PBXFileReference; lastKnownFileType = sourcecode.swift; path = AppFont.swift; sourceTree = "<group>"; };
		883B337E2709C4CD00469152 /* ResultVC.swift */ = {isa = PBXFileReference; lastKnownFileType = sourcecode.swift; path = ResultVC.swift; sourceTree = "<group>"; };
		883B33862709C4DA00469152 /* ResultVM.swift */ = {isa = PBXFileReference; lastKnownFileType = sourcecode.swift; path = ResultVM.swift; sourceTree = "<group>"; };
		883B338B2709FCBC00469152 /* BaseVC.swift */ = {isa = PBXFileReference; lastKnownFileType = sourcecode.swift; path = BaseVC.swift; sourceTree = "<group>"; };
		883B33F2270B147000469152 /* ResultView.swift */ = {isa = PBXFileReference; lastKnownFileType = sourcecode.swift; path = ResultView.swift; sourceTree = "<group>"; };
		883B33F7270B148500469152 /* ResultView.xib */ = {isa = PBXFileReference; lastKnownFileType = file.xib; path = ResultView.xib; sourceTree = "<group>"; };
		883B33FC270B44D900469152 /* Int+Extension.swift */ = {isa = PBXFileReference; lastKnownFileType = sourcecode.swift; path = "Int+Extension.swift"; sourceTree = "<group>"; };
		886E98A627050B2300265CF2 /* Copying.swift */ = {isa = PBXFileReference; lastKnownFileType = sourcecode.swift; path = Copying.swift; sourceTree = "<group>"; };
		886E98AE27050B4000265CF2 /* Array+Copying.swift */ = {isa = PBXFileReference; lastKnownFileType = sourcecode.swift; path = "Array+Copying.swift"; sourceTree = "<group>"; };
		888CBCB826CD065D00BDAFB2 /* GameBoardVC.swift */ = {isa = PBXFileReference; lastKnownFileType = sourcecode.swift; path = GameBoardVC.swift; sourceTree = "<group>"; };
		888CBCBF26CD197F00BDAFB2 /* ScoreboardView.swift */ = {isa = PBXFileReference; lastKnownFileType = sourcecode.swift; path = ScoreboardView.swift; sourceTree = "<group>"; };
		888CBCCE26CD4F3100BDAFB2 /* CardView.swift */ = {isa = PBXFileReference; lastKnownFileType = sourcecode.swift; path = CardView.swift; sourceTree = "<group>"; };
		888CBCD326CECCC000BDAFB2 /* CardsEnum.swift */ = {isa = PBXFileReference; lastKnownFileType = sourcecode.swift; path = CardsEnum.swift; sourceTree = "<group>"; };
		888CBCD826CFD0D400BDAFB2 /* GameBoardVM.swift */ = {isa = PBXFileReference; lastKnownFileType = sourcecode.swift; path = GameBoardVM.swift; sourceTree = "<group>"; };
		88902A1C271399F30085CD81 /* tr */ = {isa = PBXFileReference; lastKnownFileType = text.plist.strings; name = tr; path = tr.lproj/LaunchScreen.strings; sourceTree = "<group>"; };
		88902A1E27139A220085CD81 /* tr */ = {isa = PBXFileReference; lastKnownFileType = text.plist.strings; name = tr; path = tr.lproj/Localizable.strings; sourceTree = "<group>"; };
		88902A2327139A2D0085CD81 /* en */ = {isa = PBXFileReference; lastKnownFileType = text.plist.strings; name = en; path = en.lproj/Localizable.strings; sourceTree = "<group>"; };
		88902A3227140F610085CD81 /* UIImage+Extension.swift */ = {isa = PBXFileReference; lastKnownFileType = sourcecode.swift; path = "UIImage+Extension.swift"; sourceTree = "<group>"; };
		88902A37271438290085CD81 /* LanguageSelectionView.swift */ = {isa = PBXFileReference; lastKnownFileType = sourcecode.swift; path = LanguageSelectionView.swift; sourceTree = "<group>"; };
		88902DE32718A4EF0085CD81 /* SelectableItem.swift */ = {isa = PBXFileReference; lastKnownFileType = sourcecode.swift; path = SelectableItem.swift; sourceTree = "<group>"; };
		88902E032719A9620085CD81 /* AppLanguage.swift */ = {isa = PBXFileReference; lastKnownFileType = sourcecode.swift; path = AppLanguage.swift; sourceTree = "<group>"; };
		88902E0B2719AC5B0085CD81 /* Locale+Extension.swift */ = {isa = PBXFileReference; lastKnownFileType = sourcecode.swift; path = "Locale+Extension.swift"; sourceTree = "<group>"; };
		88902E102719B8CF0085CD81 /* AppLocalization.swift */ = {isa = PBXFileReference; lastKnownFileType = sourcecode.swift; path = AppLocalization.swift; sourceTree = "<group>"; };
		88F09D2326C39B7400B56A3F /* MemoryCardsProject.app */ = {isa = PBXFileReference; explicitFileType = wrapper.application; includeInIndex = 0; path = MemoryCardsProject.app; sourceTree = BUILT_PRODUCTS_DIR; };
		88F09D2626C39B7400B56A3F /* AppDelegate.swift */ = {isa = PBXFileReference; lastKnownFileType = sourcecode.swift; path = AppDelegate.swift; sourceTree = "<group>"; };
		88F09D2826C39B7400B56A3F /* SceneDelegate.swift */ = {isa = PBXFileReference; lastKnownFileType = sourcecode.swift; path = SceneDelegate.swift; sourceTree = "<group>"; };
		88F09D2A26C39B7400B56A3F /* ContainerTabBarController.swift */ = {isa = PBXFileReference; lastKnownFileType = sourcecode.swift; path = ContainerTabBarController.swift; sourceTree = "<group>"; };
		88F09D2F26C39B7700B56A3F /* Assets.xcassets */ = {isa = PBXFileReference; lastKnownFileType = folder.assetcatalog; path = Assets.xcassets; sourceTree = "<group>"; };
		88F09D3226C39B7700B56A3F /* Base */ = {isa = PBXFileReference; lastKnownFileType = file.storyboard; name = Base; path = Base.lproj/LaunchScreen.storyboard; sourceTree = "<group>"; };
		88F09D3426C39B7700B56A3F /* Info.plist */ = {isa = PBXFileReference; lastKnownFileType = text.plist.xml; path = Info.plist; sourceTree = "<group>"; };
		88F09D3926C39B7700B56A3F /* MemoryCardsProjectTests.xctest */ = {isa = PBXFileReference; explicitFileType = wrapper.cfbundle; includeInIndex = 0; path = MemoryCardsProjectTests.xctest; sourceTree = BUILT_PRODUCTS_DIR; };
		88F09D3D26C39B7700B56A3F /* MemoryCardsProjectTests.swift */ = {isa = PBXFileReference; lastKnownFileType = sourcecode.swift; path = MemoryCardsProjectTests.swift; sourceTree = "<group>"; };
		88F09D3F26C39B7700B56A3F /* Info.plist */ = {isa = PBXFileReference; lastKnownFileType = text.plist.xml; path = Info.plist; sourceTree = "<group>"; };
		88F09D4426C39B7800B56A3F /* MemoryCardsProjectUITests.xctest */ = {isa = PBXFileReference; explicitFileType = wrapper.cfbundle; includeInIndex = 0; path = MemoryCardsProjectUITests.xctest; sourceTree = BUILT_PRODUCTS_DIR; };
		88F09D4826C39B7800B56A3F /* MemoryCardsProjectUITests.swift */ = {isa = PBXFileReference; lastKnownFileType = sourcecode.swift; path = MemoryCardsProjectUITests.swift; sourceTree = "<group>"; };
		88F09D4A26C39B7800B56A3F /* Info.plist */ = {isa = PBXFileReference; lastKnownFileType = text.plist.xml; path = Info.plist; sourceTree = "<group>"; };
		88F09D6826C52E8C00B56A3F /* CategoriesVC.swift */ = {isa = PBXFileReference; lastKnownFileType = sourcecode.swift; path = CategoriesVC.swift; sourceTree = "<group>"; };
		88F09D6D26C52EB800B56A3F /* RecordsVC.swift */ = {isa = PBXFileReference; lastKnownFileType = sourcecode.swift; path = RecordsVC.swift; sourceTree = "<group>"; };
		88F09D7226C5304100B56A3F /* ShareVC.swift */ = {isa = PBXFileReference; lastKnownFileType = sourcecode.swift; path = ShareVC.swift; sourceTree = "<group>"; };
		88F09D7726C5332200B56A3F /* CustomCardsVC.swift */ = {isa = PBXFileReference; lastKnownFileType = sourcecode.swift; path = CustomCardsVC.swift; sourceTree = "<group>"; };
		88F09DAF26C66FEE00B56A3F /* BaseNavigationController.swift */ = {isa = PBXFileReference; lastKnownFileType = sourcecode.swift; path = BaseNavigationController.swift; sourceTree = "<group>"; };
		88F09DC926C936A100B56A3F /* UIViewController+Extension.swift */ = {isa = PBXFileReference; lastKnownFileType = sourcecode.swift; path = "UIViewController+Extension.swift"; sourceTree = "<group>"; };
		88F09DCE26C9445200B56A3F /* ProfileSideMenuVC.swift */ = {isa = PBXFileReference; lastKnownFileType = sourcecode.swift; path = ProfileSideMenuVC.swift; sourceTree = "<group>"; };
		9C08DD60671DC564075F1197 /* Pods-MemoryCardsProject-MemoryCardsProjectUITests.debug.xcconfig */ = {isa = PBXFileReference; includeInIndex = 1; lastKnownFileType = text.xcconfig; name = "Pods-MemoryCardsProject-MemoryCardsProjectUITests.debug.xcconfig"; path = "Target Support Files/Pods-MemoryCardsProject-MemoryCardsProjectUITests/Pods-MemoryCardsProject-MemoryCardsProjectUITests.debug.xcconfig"; sourceTree = "<group>"; };
		CF6B2B4571FF7F8250E266E2 /* Pods-MemoryCardsProject-MemoryCardsProjectUITests.release.xcconfig */ = {isa = PBXFileReference; includeInIndex = 1; lastKnownFileType = text.xcconfig; name = "Pods-MemoryCardsProject-MemoryCardsProjectUITests.release.xcconfig"; path = "Target Support Files/Pods-MemoryCardsProject-MemoryCardsProjectUITests/Pods-MemoryCardsProject-MemoryCardsProjectUITests.release.xcconfig"; sourceTree = "<group>"; };
/* End PBXFileReference section */

/* Begin PBXFrameworksBuildPhase section */
		88F09D2026C39B7400B56A3F /* Frameworks */ = {
			isa = PBXFrameworksBuildPhase;
			buildActionMask = 2147483647;
			files = (
				34CCEC48A9A1E5A5772F893E /* Pods_MemoryCardsProject.framework in Frameworks */,
			);
			runOnlyForDeploymentPostprocessing = 0;
		};
		88F09D3626C39B7700B56A3F /* Frameworks */ = {
			isa = PBXFrameworksBuildPhase;
			buildActionMask = 2147483647;
			files = (
				DBDF8FF6944E4C3D98A1972A /* Pods_MemoryCardsProjectTests.framework in Frameworks */,
			);
			runOnlyForDeploymentPostprocessing = 0;
		};
		88F09D4126C39B7800B56A3F /* Frameworks */ = {
			isa = PBXFrameworksBuildPhase;
			buildActionMask = 2147483647;
			files = (
				9C1E016B909CADE23BCDB34C /* Pods_MemoryCardsProject_MemoryCardsProjectUITests.framework in Frameworks */,
			);
			runOnlyForDeploymentPostprocessing = 0;
		};
/* End PBXFrameworksBuildPhase section */

/* Begin PBXGroup section */
		88202A7026CA5A550079234F /* CustomViews */ = {
			isa = PBXGroup;
			children = (
				88902DE82719838A0085CD81 /* LanguageSelectionView */,
				888CBCBF26CD197F00BDAFB2 /* ScoreboardView.swift */,
				888CBCCE26CD4F3100BDAFB2 /* CardView.swift */,
				883B33F1270B143F00469152 /* ResultView */,
				888CBCBD26CD173F00BDAFB2 /* CategoryView */,
			);
			path = CustomViews;
			sourceTree = "<group>";
		};
		882EF2142711C70300D781AD /* Resources */ = {
			isa = PBXGroup;
			children = (
				882EF24E271211AC00D781AD /* Theme */,
				882EF2302712118E00D781AD /* Fonts */,
				88F09D2F26C39B7700B56A3F /* Assets.xcassets */,
			);
			path = Resources;
			sourceTree = "<group>";
		};
		882EF2302712118E00D781AD /* Fonts */ = {
			isa = PBXGroup;
			children = (
				882EF2312712118E00D781AD /* OpenSans */,
				882EF249271211A500D781AD /* AppFont.swift */,
			);
			path = Fonts;
			sourceTree = "<group>";
		};
		882EF2312712118E00D781AD /* OpenSans */ = {
			isa = PBXGroup;
			children = (
				882EF2322712118E00D781AD /* OpenSans-Semibold.ttf */,
				882EF2332712118E00D781AD /* OpenSans-Light.ttf */,
				882EF2342712118E00D781AD /* OpenSans-Italic.ttf */,
				882EF2352712118E00D781AD /* OpenSans-ExtraBold.ttf */,
				882EF2362712118E00D781AD /* OpenSans-LightItalic.ttf */,
				882EF2372712118E00D781AD /* OpenSans-Bold.ttf */,
				882EF2382712118E00D781AD /* OpenSans-SemiboldItalic.ttf */,
				882EF2392712118E00D781AD /* OpenSans-ExtraBoldItalic.ttf */,
				882EF23A2712118E00D781AD /* OpenSans-Regular.ttf */,
				882EF23B2712118E00D781AD /* OpenSans-BoldItalic.ttf */,
			);
			path = OpenSans;
			sourceTree = "<group>";
		};
		882EF24E271211AC00D781AD /* Theme */ = {
			isa = PBXGroup;
			children = (
				882EF2152711C71200D781AD /* Theme.swift */,
				882EF2232711CF7A00D781AD /* RxTheme+Extension.swift */,
			);
			path = Theme;
			sourceTree = "<group>";
		};
		882EF26A2713968800D781AD /* AppDelegates */ = {
			isa = PBXGroup;
			children = (
				88F09D2626C39B7400B56A3F /* AppDelegate.swift */,
				88F09D2826C39B7400B56A3F /* SceneDelegate.swift */,
			);
			path = AppDelegates;
			sourceTree = "<group>";
		};
		883B337D2709C4C100469152 /* Result */ = {
			isa = PBXGroup;
			children = (
				883B337E2709C4CD00469152 /* ResultVC.swift */,
				883B33862709C4DA00469152 /* ResultVM.swift */,
			);
			path = Result;
			sourceTree = "<group>";
		};
		883B33F1270B143F00469152 /* ResultView */ = {
			isa = PBXGroup;
			children = (
				883B33F2270B147000469152 /* ResultView.swift */,
				883B33F7270B148500469152 /* ResultView.xib */,
			);
			path = ResultView;
			sourceTree = "<group>";
		};
		886E98A12704FD4D00265CF2 /* GameBoard */ = {
			isa = PBXGroup;
			children = (
				888CBCB826CD065D00BDAFB2 /* GameBoardVC.swift */,
				888CBCD826CFD0D400BDAFB2 /* GameBoardVM.swift */,
			);
			path = GameBoard;
			sourceTree = "<group>";
		};
		886E98A527050B1600265CF2 /* Utils */ = {
			isa = PBXGroup;
			children = (
				886E98A627050B2300265CF2 /* Copying.swift */,
			);
			path = Utils;
			sourceTree = "<group>";
		};
		888CBCBD26CD173F00BDAFB2 /* CategoryView */ = {
			isa = PBXGroup;
			children = (
				88202A7126CA5A7C0079234F /* CategoryView.swift */,
				88202A7926CAB0A70079234F /* CategoryButton.swift */,
				88202A7E26CAB7090079234F /* CategoriesStackView.swift */,
			);
			path = CategoryView;
			sourceTree = "<group>";
		};
		88902DE82719838A0085CD81 /* LanguageSelectionView */ = {
			isa = PBXGroup;
			children = (
				88902A37271438290085CD81 /* LanguageSelectionView.swift */,
				88902DE32718A4EF0085CD81 /* SelectableItem.swift */,
			);
			path = LanguageSelectionView;
			sourceTree = "<group>";
		};
		88902E022719A94D0085CD81 /* Localization */ = {
			isa = PBXGroup;
			children = (
				88902E032719A9620085CD81 /* AppLanguage.swift */,
				88902E0B2719AC5B0085CD81 /* Locale+Extension.swift */,
				88902E102719B8CF0085CD81 /* AppLocalization.swift */,
			);
			path = Localization;
			sourceTree = "<group>";
		};
		88F09D1A26C39B7400B56A3F = {
			isa = PBXGroup;
			children = (
				88F09D2526C39B7400B56A3F /* MemoryCardsProject */,
				88F09D3C26C39B7700B56A3F /* MemoryCardsProjectTests */,
				88F09D4726C39B7800B56A3F /* MemoryCardsProjectUITests */,
				88F09D2426C39B7400B56A3F /* Products */,
				FE48372DC1E876395CCAFA21 /* Pods */,
				98FA07322C281D56D34D075C /* Frameworks */,
			);
			sourceTree = "<group>";
		};
		88F09D2426C39B7400B56A3F /* Products */ = {
			isa = PBXGroup;
			children = (
				88F09D2326C39B7400B56A3F /* MemoryCardsProject.app */,
				88F09D3926C39B7700B56A3F /* MemoryCardsProjectTests.xctest */,
				88F09D4426C39B7800B56A3F /* MemoryCardsProjectUITests.xctest */,
			);
			name = Products;
			sourceTree = "<group>";
		};
		88F09D2526C39B7400B56A3F /* MemoryCardsProject */ = {
			isa = PBXGroup;
			children = (
				882EF26A2713968800D781AD /* AppDelegates */,
				88F09DD826C96BBE00B56A3F /* Application */,
				88F09DD326C96B9D00B56A3F /* Common */,
				88F09D3126C39B7700B56A3F /* LaunchScreen.storyboard */,
				88F09D3426C39B7700B56A3F /* Info.plist */,
				88902A1F27139A220085CD81 /* Localizable.strings */,
			);
			path = MemoryCardsProject;
			sourceTree = "<group>";
		};
		88F09D3C26C39B7700B56A3F /* MemoryCardsProjectTests */ = {
			isa = PBXGroup;
			children = (
				88F09D3D26C39B7700B56A3F /* MemoryCardsProjectTests.swift */,
				88F09D3F26C39B7700B56A3F /* Info.plist */,
			);
			path = MemoryCardsProjectTests;
			sourceTree = "<group>";
		};
		88F09D4726C39B7800B56A3F /* MemoryCardsProjectUITests */ = {
			isa = PBXGroup;
			children = (
				88F09D4826C39B7800B56A3F /* MemoryCardsProjectUITests.swift */,
				88F09D4A26C39B7800B56A3F /* Info.plist */,
			);
			path = MemoryCardsProjectUITests;
			sourceTree = "<group>";
		};
		88F09DD326C96B9D00B56A3F /* Common */ = {
			isa = PBXGroup;
			children = (
				88902E022719A94D0085CD81 /* Localization */,
				882EF2142711C70300D781AD /* Resources */,
				886E98A527050B1600265CF2 /* Utils */,
				88202A7026CA5A550079234F /* CustomViews */,
				88F09DD426C96BA500B56A3F /* Extensions */,
			);
			path = Common;
			sourceTree = "<group>";
		};
		88F09DD426C96BA500B56A3F /* Extensions */ = {
			isa = PBXGroup;
			children = (
				88F09DC926C936A100B56A3F /* UIViewController+Extension.swift */,
				886E98AE27050B4000265CF2 /* Array+Copying.swift */,
				883B33FC270B44D900469152 /* Int+Extension.swift */,
				88902A3227140F610085CD81 /* UIImage+Extension.swift */,
			);
			path = Extensions;
			sourceTree = "<group>";
		};
		88F09DD826C96BBE00B56A3F /* Application */ = {
			isa = PBXGroup;
			children = (
				88FF62472710835F00BF188F /* Base */,
				883B337D2709C4C100469152 /* Result */,
				886E98A12704FD4D00265CF2 /* GameBoard */,
				88F09D6826C52E8C00B56A3F /* CategoriesVC.swift */,
				88F09D6D26C52EB800B56A3F /* RecordsVC.swift */,
				88F09D7226C5304100B56A3F /* ShareVC.swift */,
				88F09D7726C5332200B56A3F /* CustomCardsVC.swift */,
				88F09DCE26C9445200B56A3F /* ProfileSideMenuVC.swift */,
				88202A8326CB98BE0079234F /* CategoryEnum.swift */,
				888CBCD326CECCC000BDAFB2 /* CardsEnum.swift */,
			);
			path = Application;
			sourceTree = "<group>";
		};
		88FF62472710835F00BF188F /* Base */ = {
			isa = PBXGroup;
			children = (
				88F09D2A26C39B7400B56A3F /* ContainerTabBarController.swift */,
				883B338B2709FCBC00469152 /* BaseVC.swift */,
				88F09DAF26C66FEE00B56A3F /* BaseNavigationController.swift */,
			);
			path = Base;
			sourceTree = "<group>";
		};
		98FA07322C281D56D34D075C /* Frameworks */ = {
			isa = PBXGroup;
			children = (
				102D4D3CF3CC2A2629E02BF0 /* Pods_MemoryCardsProject.framework */,
				5BF95ACC7112E5F3AC841F87 /* Pods_MemoryCardsProject_MemoryCardsProjectUITests.framework */,
				2330B6915FE3746B515AB02D /* Pods_MemoryCardsProjectTests.framework */,
			);
			name = Frameworks;
			sourceTree = "<group>";
		};
		FE48372DC1E876395CCAFA21 /* Pods */ = {
			isa = PBXGroup;
			children = (
				371B3787A076D548AF90387C /* Pods-MemoryCardsProject.debug.xcconfig */,
				6DE38D4F3293B683F699F8EE /* Pods-MemoryCardsProject.release.xcconfig */,
				9C08DD60671DC564075F1197 /* Pods-MemoryCardsProject-MemoryCardsProjectUITests.debug.xcconfig */,
				CF6B2B4571FF7F8250E266E2 /* Pods-MemoryCardsProject-MemoryCardsProjectUITests.release.xcconfig */,
				173D191022F5B718BEB018DB /* Pods-MemoryCardsProjectTests.debug.xcconfig */,
				017E7E0B4C667C80AFA2B7AC /* Pods-MemoryCardsProjectTests.release.xcconfig */,
			);
			path = Pods;
			sourceTree = "<group>";
		};
/* End PBXGroup section */

/* Begin PBXNativeTarget section */
		88F09D2226C39B7400B56A3F /* MemoryCardsProject */ = {
			isa = PBXNativeTarget;
			buildConfigurationList = 88F09D4D26C39B7800B56A3F /* Build configuration list for PBXNativeTarget "MemoryCardsProject" */;
			buildPhases = (
				83D483309FC378061823EE39 /* [CP] Check Pods Manifest.lock */,
				88F09D1F26C39B7400B56A3F /* Sources */,
				88F09D2026C39B7400B56A3F /* Frameworks */,
				88F09D2126C39B7400B56A3F /* Resources */,
				5D26192B2B53C87FDC97B348 /* [CP] Embed Pods Frameworks */,
			);
			buildRules = (
			);
			dependencies = (
			);
			name = MemoryCardsProject;
			productName = MemoryCardsProject;
			productReference = 88F09D2326C39B7400B56A3F /* MemoryCardsProject.app */;
			productType = "com.apple.product-type.application";
		};
		88F09D3826C39B7700B56A3F /* MemoryCardsProjectTests */ = {
			isa = PBXNativeTarget;
			buildConfigurationList = 88F09D5026C39B7800B56A3F /* Build configuration list for PBXNativeTarget "MemoryCardsProjectTests" */;
			buildPhases = (
				530DEDC001F193C31D01402C /* [CP] Check Pods Manifest.lock */,
				88F09D3526C39B7700B56A3F /* Sources */,
				88F09D3626C39B7700B56A3F /* Frameworks */,
				88F09D3726C39B7700B56A3F /* Resources */,
			);
			buildRules = (
			);
			dependencies = (
				88F09D3B26C39B7700B56A3F /* PBXTargetDependency */,
			);
			name = MemoryCardsProjectTests;
			productName = MemoryCardsProjectTests;
			productReference = 88F09D3926C39B7700B56A3F /* MemoryCardsProjectTests.xctest */;
			productType = "com.apple.product-type.bundle.unit-test";
		};
		88F09D4326C39B7800B56A3F /* MemoryCardsProjectUITests */ = {
			isa = PBXNativeTarget;
			buildConfigurationList = 88F09D5326C39B7800B56A3F /* Build configuration list for PBXNativeTarget "MemoryCardsProjectUITests" */;
			buildPhases = (
				AA3C36F36145776CE28403B1 /* [CP] Check Pods Manifest.lock */,
				88F09D4026C39B7800B56A3F /* Sources */,
				88F09D4126C39B7800B56A3F /* Frameworks */,
				88F09D4226C39B7800B56A3F /* Resources */,
				43DBE3558779E27BFB44F587 /* [CP] Embed Pods Frameworks */,
			);
			buildRules = (
			);
			dependencies = (
				88F09D4626C39B7800B56A3F /* PBXTargetDependency */,
			);
			name = MemoryCardsProjectUITests;
			productName = MemoryCardsProjectUITests;
			productReference = 88F09D4426C39B7800B56A3F /* MemoryCardsProjectUITests.xctest */;
			productType = "com.apple.product-type.bundle.ui-testing";
		};
/* End PBXNativeTarget section */

/* Begin PBXProject section */
		88F09D1B26C39B7400B56A3F /* Project object */ = {
			isa = PBXProject;
			attributes = {
				LastSwiftUpdateCheck = 1240;
				LastUpgradeCheck = 1240;
				TargetAttributes = {
					88F09D2226C39B7400B56A3F = {
						CreatedOnToolsVersion = 12.4;
					};
					88F09D3826C39B7700B56A3F = {
						CreatedOnToolsVersion = 12.4;
						TestTargetID = 88F09D2226C39B7400B56A3F;
					};
					88F09D4326C39B7800B56A3F = {
						CreatedOnToolsVersion = 12.4;
						TestTargetID = 88F09D2226C39B7400B56A3F;
					};
				};
			};
			buildConfigurationList = 88F09D1E26C39B7400B56A3F /* Build configuration list for PBXProject "MemoryCardsProject" */;
			compatibilityVersion = "Xcode 9.3";
			developmentRegion = en;
			hasScannedForEncodings = 0;
			knownRegions = (
				en,
				Base,
				tr,
			);
			mainGroup = 88F09D1A26C39B7400B56A3F;
			productRefGroup = 88F09D2426C39B7400B56A3F /* Products */;
			projectDirPath = "";
			projectRoot = "";
			targets = (
				88F09D2226C39B7400B56A3F /* MemoryCardsProject */,
				88F09D3826C39B7700B56A3F /* MemoryCardsProjectTests */,
				88F09D4326C39B7800B56A3F /* MemoryCardsProjectUITests */,
			);
		};
/* End PBXProject section */

/* Begin PBXResourcesBuildPhase section */
		88F09D2126C39B7400B56A3F /* Resources */ = {
			isa = PBXResourcesBuildPhase;
			buildActionMask = 2147483647;
			files = (
				882EF23C2712118E00D781AD /* OpenSans-Semibold.ttf in Resources */,
				883B33F8270B148500469152 /* ResultView.xib in Resources */,
				882EF23F2712118E00D781AD /* OpenSans-ExtraBold.ttf in Resources */,
				88902A1D27139A220085CD81 /* Localizable.strings in Resources */,
				88F09D3326C39B7700B56A3F /* LaunchScreen.storyboard in Resources */,
				882EF23E2712118E00D781AD /* OpenSans-Italic.ttf in Resources */,
				882EF2412712118E00D781AD /* OpenSans-Bold.ttf in Resources */,
				882EF2422712118E00D781AD /* OpenSans-SemiboldItalic.ttf in Resources */,
				882EF23D2712118E00D781AD /* OpenSans-Light.ttf in Resources */,
				882EF2452712118E00D781AD /* OpenSans-BoldItalic.ttf in Resources */,
				882EF2402712118E00D781AD /* OpenSans-LightItalic.ttf in Resources */,
				882EF2432712118E00D781AD /* OpenSans-ExtraBoldItalic.ttf in Resources */,
				882EF2442712118E00D781AD /* OpenSans-Regular.ttf in Resources */,
				88F09D3026C39B7700B56A3F /* Assets.xcassets in Resources */,
			);
			runOnlyForDeploymentPostprocessing = 0;
		};
		88F09D3726C39B7700B56A3F /* Resources */ = {
			isa = PBXResourcesBuildPhase;
			buildActionMask = 2147483647;
			files = (
			);
			runOnlyForDeploymentPostprocessing = 0;
		};
		88F09D4226C39B7800B56A3F /* Resources */ = {
			isa = PBXResourcesBuildPhase;
			buildActionMask = 2147483647;
			files = (
			);
			runOnlyForDeploymentPostprocessing = 0;
		};
/* End PBXResourcesBuildPhase section */

/* Begin PBXShellScriptBuildPhase section */
		43DBE3558779E27BFB44F587 /* [CP] Embed Pods Frameworks */ = {
			isa = PBXShellScriptBuildPhase;
			buildActionMask = 2147483647;
			files = (
			);
			inputFileListPaths = (
				"${PODS_ROOT}/Target Support Files/Pods-MemoryCardsProject-MemoryCardsProjectUITests/Pods-MemoryCardsProject-MemoryCardsProjectUITests-frameworks-${CONFIGURATION}-input-files.xcfilelist",
			);
			name = "[CP] Embed Pods Frameworks";
			outputFileListPaths = (
				"${PODS_ROOT}/Target Support Files/Pods-MemoryCardsProject-MemoryCardsProjectUITests/Pods-MemoryCardsProject-MemoryCardsProjectUITests-frameworks-${CONFIGURATION}-output-files.xcfilelist",
			);
			runOnlyForDeploymentPostprocessing = 0;
			shellPath = /bin/sh;
			shellScript = "\"${PODS_ROOT}/Target Support Files/Pods-MemoryCardsProject-MemoryCardsProjectUITests/Pods-MemoryCardsProject-MemoryCardsProjectUITests-frameworks.sh\"\n";
			showEnvVarsInLog = 0;
		};
		530DEDC001F193C31D01402C /* [CP] Check Pods Manifest.lock */ = {
			isa = PBXShellScriptBuildPhase;
			buildActionMask = 2147483647;
			files = (
			);
			inputFileListPaths = (
			);
			inputPaths = (
				"${PODS_PODFILE_DIR_PATH}/Podfile.lock",
				"${PODS_ROOT}/Manifest.lock",
			);
			name = "[CP] Check Pods Manifest.lock";
			outputFileListPaths = (
			);
			outputPaths = (
				"$(DERIVED_FILE_DIR)/Pods-MemoryCardsProjectTests-checkManifestLockResult.txt",
			);
			runOnlyForDeploymentPostprocessing = 0;
			shellPath = /bin/sh;
			shellScript = "diff \"${PODS_PODFILE_DIR_PATH}/Podfile.lock\" \"${PODS_ROOT}/Manifest.lock\" > /dev/null\nif [ $? != 0 ] ; then\n    # print error to STDERR\n    echo \"error: The sandbox is not in sync with the Podfile.lock. Run 'pod install' or update your CocoaPods installation.\" >&2\n    exit 1\nfi\n# This output is used by Xcode 'outputs' to avoid re-running this script phase.\necho \"SUCCESS\" > \"${SCRIPT_OUTPUT_FILE_0}\"\n";
			showEnvVarsInLog = 0;
		};
		5D26192B2B53C87FDC97B348 /* [CP] Embed Pods Frameworks */ = {
			isa = PBXShellScriptBuildPhase;
			buildActionMask = 2147483647;
			files = (
			);
			inputFileListPaths = (
				"${PODS_ROOT}/Target Support Files/Pods-MemoryCardsProject/Pods-MemoryCardsProject-frameworks-${CONFIGURATION}-input-files.xcfilelist",
			);
			name = "[CP] Embed Pods Frameworks";
			outputFileListPaths = (
				"${PODS_ROOT}/Target Support Files/Pods-MemoryCardsProject/Pods-MemoryCardsProject-frameworks-${CONFIGURATION}-output-files.xcfilelist",
			);
			runOnlyForDeploymentPostprocessing = 0;
			shellPath = /bin/sh;
			shellScript = "\"${PODS_ROOT}/Target Support Files/Pods-MemoryCardsProject/Pods-MemoryCardsProject-frameworks.sh\"\n";
			showEnvVarsInLog = 0;
		};
		83D483309FC378061823EE39 /* [CP] Check Pods Manifest.lock */ = {
			isa = PBXShellScriptBuildPhase;
			buildActionMask = 2147483647;
			files = (
			);
			inputFileListPaths = (
			);
			inputPaths = (
				"${PODS_PODFILE_DIR_PATH}/Podfile.lock",
				"${PODS_ROOT}/Manifest.lock",
			);
			name = "[CP] Check Pods Manifest.lock";
			outputFileListPaths = (
			);
			outputPaths = (
				"$(DERIVED_FILE_DIR)/Pods-MemoryCardsProject-checkManifestLockResult.txt",
			);
			runOnlyForDeploymentPostprocessing = 0;
			shellPath = /bin/sh;
			shellScript = "diff \"${PODS_PODFILE_DIR_PATH}/Podfile.lock\" \"${PODS_ROOT}/Manifest.lock\" > /dev/null\nif [ $? != 0 ] ; then\n    # print error to STDERR\n    echo \"error: The sandbox is not in sync with the Podfile.lock. Run 'pod install' or update your CocoaPods installation.\" >&2\n    exit 1\nfi\n# This output is used by Xcode 'outputs' to avoid re-running this script phase.\necho \"SUCCESS\" > \"${SCRIPT_OUTPUT_FILE_0}\"\n";
			showEnvVarsInLog = 0;
		};
		AA3C36F36145776CE28403B1 /* [CP] Check Pods Manifest.lock */ = {
			isa = PBXShellScriptBuildPhase;
			buildActionMask = 2147483647;
			files = (
			);
			inputFileListPaths = (
			);
			inputPaths = (
				"${PODS_PODFILE_DIR_PATH}/Podfile.lock",
				"${PODS_ROOT}/Manifest.lock",
			);
			name = "[CP] Check Pods Manifest.lock";
			outputFileListPaths = (
			);
			outputPaths = (
				"$(DERIVED_FILE_DIR)/Pods-MemoryCardsProject-MemoryCardsProjectUITests-checkManifestLockResult.txt",
			);
			runOnlyForDeploymentPostprocessing = 0;
			shellPath = /bin/sh;
			shellScript = "diff \"${PODS_PODFILE_DIR_PATH}/Podfile.lock\" \"${PODS_ROOT}/Manifest.lock\" > /dev/null\nif [ $? != 0 ] ; then\n    # print error to STDERR\n    echo \"error: The sandbox is not in sync with the Podfile.lock. Run 'pod install' or update your CocoaPods installation.\" >&2\n    exit 1\nfi\n# This output is used by Xcode 'outputs' to avoid re-running this script phase.\necho \"SUCCESS\" > \"${SCRIPT_OUTPUT_FILE_0}\"\n";
			showEnvVarsInLog = 0;
		};
/* End PBXShellScriptBuildPhase section */

/* Begin PBXSourcesBuildPhase section */
		88F09D1F26C39B7400B56A3F /* Sources */ = {
			isa = PBXSourcesBuildPhase;
			buildActionMask = 2147483647;
			files = (
				882EF2162711C71200D781AD /* Theme.swift in Sources */,
				88F09D2B26C39B7400B56A3F /* ContainerTabBarController.swift in Sources */,
				88F09D7326C5304100B56A3F /* ShareVC.swift in Sources */,
				88902E0C2719AC5B0085CD81 /* Locale+Extension.swift in Sources */,
				882EF2242711CF7A00D781AD /* RxTheme+Extension.swift in Sources */,
				88F09D2726C39B7400B56A3F /* AppDelegate.swift in Sources */,
				888CBCD926CFD0D400BDAFB2 /* GameBoardVM.swift in Sources */,
				888CBCB926CD065D00BDAFB2 /* GameBoardVC.swift in Sources */,
				88F09D6E26C52EB800B56A3F /* RecordsVC.swift in Sources */,
				88202A7F26CAB7090079234F /* CategoriesStackView.swift in Sources */,
				88F09D2926C39B7400B56A3F /* SceneDelegate.swift in Sources */,
				88202A8426CB98BE0079234F /* CategoryEnum.swift in Sources */,
				88902A38271438290085CD81 /* LanguageSelectionView.swift in Sources */,
				88202A7226CA5A7C0079234F /* CategoryView.swift in Sources */,
				88F09D6926C52E8C00B56A3F /* CategoriesVC.swift in Sources */,
				88902E112719B8CF0085CD81 /* AppLocalization.swift in Sources */,
				88F09DB026C66FEE00B56A3F /* BaseNavigationController.swift in Sources */,
				883B33F3270B147000469152 /* ResultView.swift in Sources */,
				88F09DCF26C9445200B56A3F /* ProfileSideMenuVC.swift in Sources */,
				886E98AF27050B4000265CF2 /* Array+Copying.swift in Sources */,
				88902DE42718A4EF0085CD81 /* SelectableItem.swift in Sources */,
				883B33872709C4DA00469152 /* ResultVM.swift in Sources */,
				888CBCD426CECCC000BDAFB2 /* CardsEnum.swift in Sources */,
				88202A7A26CAB0A70079234F /* CategoryButton.swift in Sources */,
				88F09DCA26C936A100B56A3F /* UIViewController+Extension.swift in Sources */,
				888CBCC026CD197F00BDAFB2 /* ScoreboardView.swift in Sources */,
				882EF24A271211A500D781AD /* AppFont.swift in Sources */,
				883B338C2709FCBC00469152 /* BaseVC.swift in Sources */,
				883B33FD270B44D900469152 /* Int+Extension.swift in Sources */,
				886E98A727050B2300265CF2 /* Copying.swift in Sources */,
				88902E042719A9620085CD81 /* AppLanguage.swift in Sources */,
				883B337F2709C4CD00469152 /* ResultVC.swift in Sources */,
				88902A3327140F610085CD81 /* UIImage+Extension.swift in Sources */,
				888CBCCF26CD4F3100BDAFB2 /* CardView.swift in Sources */,
				88F09D7826C5332200B56A3F /* CustomCardsVC.swift in Sources */,
			);
			runOnlyForDeploymentPostprocessing = 0;
		};
		88F09D3526C39B7700B56A3F /* Sources */ = {
			isa = PBXSourcesBuildPhase;
			buildActionMask = 2147483647;
			files = (
				88F09D3E26C39B7700B56A3F /* MemoryCardsProjectTests.swift in Sources */,
			);
			runOnlyForDeploymentPostprocessing = 0;
		};
		88F09D4026C39B7800B56A3F /* Sources */ = {
			isa = PBXSourcesBuildPhase;
			buildActionMask = 2147483647;
			files = (
				88F09D4926C39B7800B56A3F /* MemoryCardsProjectUITests.swift in Sources */,
			);
			runOnlyForDeploymentPostprocessing = 0;
		};
/* End PBXSourcesBuildPhase section */

/* Begin PBXTargetDependency section */
		88F09D3B26C39B7700B56A3F /* PBXTargetDependency */ = {
			isa = PBXTargetDependency;
			target = 88F09D2226C39B7400B56A3F /* MemoryCardsProject */;
			targetProxy = 88F09D3A26C39B7700B56A3F /* PBXContainerItemProxy */;
		};
		88F09D4626C39B7800B56A3F /* PBXTargetDependency */ = {
			isa = PBXTargetDependency;
			target = 88F09D2226C39B7400B56A3F /* MemoryCardsProject */;
			targetProxy = 88F09D4526C39B7800B56A3F /* PBXContainerItemProxy */;
		};
/* End PBXTargetDependency section */

/* Begin PBXVariantGroup section */
		88902A1F27139A220085CD81 /* Localizable.strings */ = {
			isa = PBXVariantGroup;
			children = (
				88902A1E27139A220085CD81 /* tr */,
				88902A2327139A2D0085CD81 /* en */,
			);
			name = Localizable.strings;
			sourceTree = "<group>";
		};
		88F09D3126C39B7700B56A3F /* LaunchScreen.storyboard */ = {
			isa = PBXVariantGroup;
			children = (
				88F09D3226C39B7700B56A3F /* Base */,
				88902A1C271399F30085CD81 /* tr */,
			);
			name = LaunchScreen.storyboard;
			sourceTree = "<group>";
		};
/* End PBXVariantGroup section */

/* Begin XCBuildConfiguration section */
		88F09D4B26C39B7800B56A3F /* Debug */ = {
			isa = XCBuildConfiguration;
			buildSettings = {
				ALWAYS_SEARCH_USER_PATHS = NO;
				CLANG_ANALYZER_LOCALIZABILITY_NONLOCALIZED = YES;
				CLANG_ANALYZER_NONNULL = YES;
				CLANG_ANALYZER_NUMBER_OBJECT_CONVERSION = YES_AGGRESSIVE;
				CLANG_CXX_LANGUAGE_STANDARD = "gnu++14";
				CLANG_CXX_LIBRARY = "libc++";
				CLANG_ENABLE_MODULES = YES;
				CLANG_ENABLE_OBJC_ARC = YES;
				CLANG_ENABLE_OBJC_WEAK = YES;
				CLANG_WARN_BLOCK_CAPTURE_AUTORELEASING = YES;
				CLANG_WARN_BOOL_CONVERSION = YES;
				CLANG_WARN_COMMA = YES;
				CLANG_WARN_CONSTANT_CONVERSION = YES;
				CLANG_WARN_DEPRECATED_OBJC_IMPLEMENTATIONS = YES;
				CLANG_WARN_DIRECT_OBJC_ISA_USAGE = YES_ERROR;
				CLANG_WARN_DOCUMENTATION_COMMENTS = YES;
				CLANG_WARN_EMPTY_BODY = YES;
				CLANG_WARN_ENUM_CONVERSION = YES;
				CLANG_WARN_INFINITE_RECURSION = YES;
				CLANG_WARN_INT_CONVERSION = YES;
				CLANG_WARN_NON_LITERAL_NULL_CONVERSION = YES;
				CLANG_WARN_OBJC_IMPLICIT_RETAIN_SELF = YES;
				CLANG_WARN_OBJC_LITERAL_CONVERSION = YES;
				CLANG_WARN_OBJC_ROOT_CLASS = YES_ERROR;
				CLANG_WARN_QUOTED_INCLUDE_IN_FRAMEWORK_HEADER = YES;
				CLANG_WARN_RANGE_LOOP_ANALYSIS = YES;
				CLANG_WARN_STRICT_PROTOTYPES = YES;
				CLANG_WARN_SUSPICIOUS_MOVE = YES;
				CLANG_WARN_UNGUARDED_AVAILABILITY = YES_AGGRESSIVE;
				CLANG_WARN_UNREACHABLE_CODE = YES;
				CLANG_WARN__DUPLICATE_METHOD_MATCH = YES;
				COPY_PHASE_STRIP = NO;
				DEBUG_INFORMATION_FORMAT = dwarf;
				ENABLE_STRICT_OBJC_MSGSEND = YES;
				ENABLE_TESTABILITY = YES;
				GCC_C_LANGUAGE_STANDARD = gnu11;
				GCC_DYNAMIC_NO_PIC = NO;
				GCC_NO_COMMON_BLOCKS = YES;
				GCC_OPTIMIZATION_LEVEL = 0;
				GCC_PREPROCESSOR_DEFINITIONS = (
					"DEBUG=1",
					"$(inherited)",
				);
				GCC_WARN_64_TO_32_BIT_CONVERSION = YES;
				GCC_WARN_ABOUT_RETURN_TYPE = YES_ERROR;
				GCC_WARN_UNDECLARED_SELECTOR = YES;
				GCC_WARN_UNINITIALIZED_AUTOS = YES_AGGRESSIVE;
				GCC_WARN_UNUSED_FUNCTION = YES;
				GCC_WARN_UNUSED_VARIABLE = YES;
				IPHONEOS_DEPLOYMENT_TARGET = 13.0;
				MTL_ENABLE_DEBUG_INFO = INCLUDE_SOURCE;
				MTL_FAST_MATH = YES;
				ONLY_ACTIVE_ARCH = YES;
				SDKROOT = iphoneos;
				SWIFT_ACTIVE_COMPILATION_CONDITIONS = DEBUG;
				SWIFT_OPTIMIZATION_LEVEL = "-Onone";
			};
			name = Debug;
		};
		88F09D4C26C39B7800B56A3F /* Release */ = {
			isa = XCBuildConfiguration;
			buildSettings = {
				ALWAYS_SEARCH_USER_PATHS = NO;
				CLANG_ANALYZER_LOCALIZABILITY_NONLOCALIZED = YES;
				CLANG_ANALYZER_NONNULL = YES;
				CLANG_ANALYZER_NUMBER_OBJECT_CONVERSION = YES_AGGRESSIVE;
				CLANG_CXX_LANGUAGE_STANDARD = "gnu++14";
				CLANG_CXX_LIBRARY = "libc++";
				CLANG_ENABLE_MODULES = YES;
				CLANG_ENABLE_OBJC_ARC = YES;
				CLANG_ENABLE_OBJC_WEAK = YES;
				CLANG_WARN_BLOCK_CAPTURE_AUTORELEASING = YES;
				CLANG_WARN_BOOL_CONVERSION = YES;
				CLANG_WARN_COMMA = YES;
				CLANG_WARN_CONSTANT_CONVERSION = YES;
				CLANG_WARN_DEPRECATED_OBJC_IMPLEMENTATIONS = YES;
				CLANG_WARN_DIRECT_OBJC_ISA_USAGE = YES_ERROR;
				CLANG_WARN_DOCUMENTATION_COMMENTS = YES;
				CLANG_WARN_EMPTY_BODY = YES;
				CLANG_WARN_ENUM_CONVERSION = YES;
				CLANG_WARN_INFINITE_RECURSION = YES;
				CLANG_WARN_INT_CONVERSION = YES;
				CLANG_WARN_NON_LITERAL_NULL_CONVERSION = YES;
				CLANG_WARN_OBJC_IMPLICIT_RETAIN_SELF = YES;
				CLANG_WARN_OBJC_LITERAL_CONVERSION = YES;
				CLANG_WARN_OBJC_ROOT_CLASS = YES_ERROR;
				CLANG_WARN_QUOTED_INCLUDE_IN_FRAMEWORK_HEADER = YES;
				CLANG_WARN_RANGE_LOOP_ANALYSIS = YES;
				CLANG_WARN_STRICT_PROTOTYPES = YES;
				CLANG_WARN_SUSPICIOUS_MOVE = YES;
				CLANG_WARN_UNGUARDED_AVAILABILITY = YES_AGGRESSIVE;
				CLANG_WARN_UNREACHABLE_CODE = YES;
				CLANG_WARN__DUPLICATE_METHOD_MATCH = YES;
				COPY_PHASE_STRIP = NO;
				DEBUG_INFORMATION_FORMAT = "dwarf-with-dsym";
				ENABLE_NS_ASSERTIONS = NO;
				ENABLE_STRICT_OBJC_MSGSEND = YES;
				GCC_C_LANGUAGE_STANDARD = gnu11;
				GCC_NO_COMMON_BLOCKS = YES;
				GCC_WARN_64_TO_32_BIT_CONVERSION = YES;
				GCC_WARN_ABOUT_RETURN_TYPE = YES_ERROR;
				GCC_WARN_UNDECLARED_SELECTOR = YES;
				GCC_WARN_UNINITIALIZED_AUTOS = YES_AGGRESSIVE;
				GCC_WARN_UNUSED_FUNCTION = YES;
				GCC_WARN_UNUSED_VARIABLE = YES;
				IPHONEOS_DEPLOYMENT_TARGET = 13.0;
				MTL_ENABLE_DEBUG_INFO = NO;
				MTL_FAST_MATH = YES;
				SDKROOT = iphoneos;
				SWIFT_COMPILATION_MODE = wholemodule;
				SWIFT_OPTIMIZATION_LEVEL = "-O";
				VALIDATE_PRODUCT = YES;
			};
			name = Release;
		};
		88F09D4E26C39B7800B56A3F /* Debug */ = {
			isa = XCBuildConfiguration;
			baseConfigurationReference = 371B3787A076D548AF90387C /* Pods-MemoryCardsProject.debug.xcconfig */;
			buildSettings = {
				ASSETCATALOG_COMPILER_APPICON_NAME = AppIcon;
				ASSETCATALOG_COMPILER_GLOBAL_ACCENT_COLOR_NAME = AccentColor;
				CODE_SIGN_STYLE = Automatic;
				DEVELOPMENT_TEAM = 65S558ZT4U;
				INFOPLIST_FILE = MemoryCardsProject/Info.plist;
				LD_RUNPATH_SEARCH_PATHS = (
					"$(inherited)",
					"@executable_path/Frameworks",
				);
				PRODUCT_BUNDLE_IDENTIFIER = com.bulutoztemur.MemoryCardsProject;
				PRODUCT_NAME = "$(TARGET_NAME)";
				SWIFT_VERSION = 5.0;
				TARGETED_DEVICE_FAMILY = "1,2";
			};
			name = Debug;
		};
		88F09D4F26C39B7800B56A3F /* Release */ = {
			isa = XCBuildConfiguration;
			baseConfigurationReference = 6DE38D4F3293B683F699F8EE /* Pods-MemoryCardsProject.release.xcconfig */;
			buildSettings = {
				ASSETCATALOG_COMPILER_APPICON_NAME = AppIcon;
				ASSETCATALOG_COMPILER_GLOBAL_ACCENT_COLOR_NAME = AccentColor;
				CODE_SIGN_STYLE = Automatic;
				DEVELOPMENT_TEAM = 65S558ZT4U;
				INFOPLIST_FILE = MemoryCardsProject/Info.plist;
				LD_RUNPATH_SEARCH_PATHS = (
					"$(inherited)",
					"@executable_path/Frameworks",
				);
				PRODUCT_BUNDLE_IDENTIFIER = com.bulutoztemur.MemoryCardsProject;
				PRODUCT_NAME = "$(TARGET_NAME)";
				SWIFT_VERSION = 5.0;
				TARGETED_DEVICE_FAMILY = "1,2";
			};
			name = Release;
		};
		88F09D5126C39B7800B56A3F /* Debug */ = {
			isa = XCBuildConfiguration;
			baseConfigurationReference = 173D191022F5B718BEB018DB /* Pods-MemoryCardsProjectTests.debug.xcconfig */;
			buildSettings = {
				ALWAYS_EMBED_SWIFT_STANDARD_LIBRARIES = YES;
				BUNDLE_LOADER = "$(TEST_HOST)";
				CODE_SIGN_STYLE = Automatic;
				DEVELOPMENT_TEAM = 65S558ZT4U;
				INFOPLIST_FILE = MemoryCardsProjectTests/Info.plist;
				IPHONEOS_DEPLOYMENT_TARGET = 14.4;
				LD_RUNPATH_SEARCH_PATHS = (
					"$(inherited)",
					"@executable_path/Frameworks",
					"@loader_path/Frameworks",
				);
				PRODUCT_BUNDLE_IDENTIFIER = com.bulutoztemur.MemoryCardsProjectTests;
				PRODUCT_NAME = "$(TARGET_NAME)";
				SWIFT_VERSION = 5.0;
				TARGETED_DEVICE_FAMILY = "1,2";
				TEST_HOST = "$(BUILT_PRODUCTS_DIR)/MemoryCardsProject.app/MemoryCardsProject";
			};
			name = Debug;
		};
		88F09D5226C39B7800B56A3F /* Release */ = {
			isa = XCBuildConfiguration;
			baseConfigurationReference = 017E7E0B4C667C80AFA2B7AC /* Pods-MemoryCardsProjectTests.release.xcconfig */;
			buildSettings = {
				ALWAYS_EMBED_SWIFT_STANDARD_LIBRARIES = YES;
				BUNDLE_LOADER = "$(TEST_HOST)";
				CODE_SIGN_STYLE = Automatic;
				DEVELOPMENT_TEAM = 65S558ZT4U;
				INFOPLIST_FILE = MemoryCardsProjectTests/Info.plist;
				IPHONEOS_DEPLOYMENT_TARGET = 14.4;
				LD_RUNPATH_SEARCH_PATHS = (
					"$(inherited)",
					"@executable_path/Frameworks",
					"@loader_path/Frameworks",
				);
				PRODUCT_BUNDLE_IDENTIFIER = com.bulutoztemur.MemoryCardsProjectTests;
				PRODUCT_NAME = "$(TARGET_NAME)";
				SWIFT_VERSION = 5.0;
				TARGETED_DEVICE_FAMILY = "1,2";
				TEST_HOST = "$(BUILT_PRODUCTS_DIR)/MemoryCardsProject.app/MemoryCardsProject";
			};
			name = Release;
		};
		88F09D5426C39B7800B56A3F /* Debug */ = {
			isa = XCBuildConfiguration;
			baseConfigurationReference = 9C08DD60671DC564075F1197 /* Pods-MemoryCardsProject-MemoryCardsProjectUITests.debug.xcconfig */;
			buildSettings = {
				ALWAYS_EMBED_SWIFT_STANDARD_LIBRARIES = YES;
				CODE_SIGN_STYLE = Automatic;
				DEVELOPMENT_TEAM = 65S558ZT4U;
				INFOPLIST_FILE = MemoryCardsProjectUITests/Info.plist;
				LD_RUNPATH_SEARCH_PATHS = (
					"$(inherited)",
					"@executable_path/Frameworks",
					"@loader_path/Frameworks",
				);
				PRODUCT_BUNDLE_IDENTIFIER = com.bulutoztemur.MemoryCardsProjectUITests;
				PRODUCT_NAME = "$(TARGET_NAME)";
				SWIFT_VERSION = 5.0;
				TARGETED_DEVICE_FAMILY = "1,2";
				TEST_TARGET_NAME = MemoryCardsProject;
			};
			name = Debug;
		};
		88F09D5526C39B7800B56A3F /* Release */ = {
			isa = XCBuildConfiguration;
			baseConfigurationReference = CF6B2B4571FF7F8250E266E2 /* Pods-MemoryCardsProject-MemoryCardsProjectUITests.release.xcconfig */;
			buildSettings = {
				ALWAYS_EMBED_SWIFT_STANDARD_LIBRARIES = YES;
				CODE_SIGN_STYLE = Automatic;
				DEVELOPMENT_TEAM = 65S558ZT4U;
				INFOPLIST_FILE = MemoryCardsProjectUITests/Info.plist;
				LD_RUNPATH_SEARCH_PATHS = (
					"$(inherited)",
					"@executable_path/Frameworks",
					"@loader_path/Frameworks",
				);
				PRODUCT_BUNDLE_IDENTIFIER = com.bulutoztemur.MemoryCardsProjectUITests;
				PRODUCT_NAME = "$(TARGET_NAME)";
				SWIFT_VERSION = 5.0;
				TARGETED_DEVICE_FAMILY = "1,2";
				TEST_TARGET_NAME = MemoryCardsProject;
			};
			name = Release;
		};
/* End XCBuildConfiguration section */

/* Begin XCConfigurationList section */
		88F09D1E26C39B7400B56A3F /* Build configuration list for PBXProject "MemoryCardsProject" */ = {
			isa = XCConfigurationList;
			buildConfigurations = (
				88F09D4B26C39B7800B56A3F /* Debug */,
				88F09D4C26C39B7800B56A3F /* Release */,
			);
			defaultConfigurationIsVisible = 0;
			defaultConfigurationName = Release;
		};
		88F09D4D26C39B7800B56A3F /* Build configuration list for PBXNativeTarget "MemoryCardsProject" */ = {
			isa = XCConfigurationList;
			buildConfigurations = (
				88F09D4E26C39B7800B56A3F /* Debug */,
				88F09D4F26C39B7800B56A3F /* Release */,
			);
			defaultConfigurationIsVisible = 0;
			defaultConfigurationName = Release;
		};
		88F09D5026C39B7800B56A3F /* Build configuration list for PBXNativeTarget "MemoryCardsProjectTests" */ = {
			isa = XCConfigurationList;
			buildConfigurations = (
				88F09D5126C39B7800B56A3F /* Debug */,
				88F09D5226C39B7800B56A3F /* Release */,
			);
			defaultConfigurationIsVisible = 0;
			defaultConfigurationName = Release;
		};
		88F09D5326C39B7800B56A3F /* Build configuration list for PBXNativeTarget "MemoryCardsProjectUITests" */ = {
			isa = XCConfigurationList;
			buildConfigurations = (
				88F09D5426C39B7800B56A3F /* Debug */,
				88F09D5526C39B7800B56A3F /* Release */,
			);
			defaultConfigurationIsVisible = 0;
			defaultConfigurationName = Release;
		};
/* End XCConfigurationList section */
	};
	rootObject = 88F09D1B26C39B7400B56A3F /* Project object */;
}
